// !$*UTF8*$!
{
	archiveVersion = 1;
	classes = {
	};
	objectVersion = 56;
	objects = {

/* Begin PBXBuildFile section */
		9B0F58C22AC2C2AC0075C452 /* TSTabView.swift in Sources */ = {isa = PBXBuildFile; fileRef = 9B0F58C12AC2C2AC0075C452 /* TSTabView.swift */; };
		9B0F58C42AC2C4E10075C452 /* StockInfoListView.swift in Sources */ = {isa = PBXBuildFile; fileRef = 9B0F58C32AC2C4E10075C452 /* StockInfoListView.swift */; };
		9B0F58CB2AC307E80075C452 /* StockDailyInfo.swift in Sources */ = {isa = PBXBuildFile; fileRef = 9B0F58CA2AC307E80075C452 /* StockDailyInfo.swift */; };
		9B0F58CD2AC307FD0075C452 /* StockInfoRow.swift in Sources */ = {isa = PBXBuildFile; fileRef = 9B0F58CC2AC307FD0075C452 /* StockInfoRow.swift */; };
		9B0F58D02AC320640075C452 /* APIClient.swift in Sources */ = {isa = PBXBuildFile; fileRef = 9B0F58CF2AC320640075C452 /* APIClient.swift */; };
		9B0F58D22AC321720075C452 /* APIClientTests.swift in Sources */ = {isa = PBXBuildFile; fileRef = 9B0F58D12AC321720075C452 /* APIClientTests.swift */; };
		9B0F58D42AC3B4050075C452 /* URLSessionProtocolMock.swift in Sources */ = {isa = PBXBuildFile; fileRef = 9B0F58D32AC3B4050075C452 /* URLSessionProtocolMock.swift */; };
		9B0F58D62AC46C910075C452 /* StockDailyInfoElementTests.swift in Sources */ = {isa = PBXBuildFile; fileRef = 9B0F58D52AC46C910075C452 /* StockDailyInfoElementTests.swift */; };
		9B0F59242ACC4C8F0075C452 /* AppDelegate.swift in Sources */ = {isa = PBXBuildFile; fileRef = 9B0F59232ACC4C8F0075C452 /* AppDelegate.swift */; };
		9B0F59262ACC4C8F0075C452 /* SceneDelegate.swift in Sources */ = {isa = PBXBuildFile; fileRef = 9B0F59252ACC4C8F0075C452 /* SceneDelegate.swift */; };
		9B0F59282ACC4C8F0075C452 /* ViewController.swift in Sources */ = {isa = PBXBuildFile; fileRef = 9B0F59272ACC4C8F0075C452 /* ViewController.swift */; };
		9B0F592B2ACC4C8F0075C452 /* Main.storyboard in Resources */ = {isa = PBXBuildFile; fileRef = 9B0F59292ACC4C8F0075C452 /* Main.storyboard */; };
		9B0F592D2ACC4C900075C452 /* Assets.xcassets in Resources */ = {isa = PBXBuildFile; fileRef = 9B0F592C2ACC4C900075C452 /* Assets.xcassets */; };
		9B0F59302ACC4C900075C452 /* LaunchScreen.storyboard in Resources */ = {isa = PBXBuildFile; fileRef = 9B0F592E2ACC4C900075C452 /* LaunchScreen.storyboard */; };
		9B0F593B2ACC4C910075C452 /* LaunchProjTests.swift in Sources */ = {isa = PBXBuildFile; fileRef = 9B0F593A2ACC4C910075C452 /* LaunchProjTests.swift */; };
		9B0F59452ACC4C910075C452 /* LaunchProjUITests.swift in Sources */ = {isa = PBXBuildFile; fileRef = 9B0F59442ACC4C910075C452 /* LaunchProjUITests.swift */; };
		9B0F59472ACC4C910075C452 /* LaunchProjUITestsLaunchTests.swift in Sources */ = {isa = PBXBuildFile; fileRef = 9B0F59462ACC4C910075C452 /* LaunchProjUITestsLaunchTests.swift */; };
		9B0F59522ACC4CBE0075C452 /* MockAppDelegate.swift in Sources */ = {isa = PBXBuildFile; fileRef = 9B0F59512ACC4CBE0075C452 /* MockAppDelegate.swift */; };
		9B0F59542ACC4E370075C452 /* main.swift in Sources */ = {isa = PBXBuildFile; fileRef = 9B0F59532ACC4E370075C452 /* main.swift */; };
		9B10FBF22A9F4854009CE54C /* TwStockToolsApp.swift in Sources */ = {isa = PBXBuildFile; fileRef = 9B10FBF12A9F4854009CE54C /* TwStockToolsApp.swift */; };
		9B10FBF42A9F4854009CE54C /* ContentView.swift in Sources */ = {isa = PBXBuildFile; fileRef = 9B10FBF32A9F4854009CE54C /* ContentView.swift */; };
		9B10FBF62A9F4856009CE54C /* Assets.xcassets in Resources */ = {isa = PBXBuildFile; fileRef = 9B10FBF52A9F4856009CE54C /* Assets.xcassets */; };
		9B10FBF92A9F4856009CE54C /* Preview Assets.xcassets in Resources */ = {isa = PBXBuildFile; fileRef = 9B10FBF82A9F4856009CE54C /* Preview Assets.xcassets */; };
		9B10FC032A9F4856009CE54C /* TwStockToolsTests.swift in Sources */ = {isa = PBXBuildFile; fileRef = 9B10FC022A9F4856009CE54C /* TwStockToolsTests.swift */; };
		9B10FC1F2A9F49E4009CE54C /* StockTradingInputViewInputView.swift in Sources */ = {isa = PBXBuildFile; fileRef = 9B10FC1E2A9F49E4009CE54C /* StockTradingInputViewInputView.swift */; };
		9B10FC222A9F4A4B009CE54C /* StockTradingRecord.swift in Sources */ = {isa = PBXBuildFile; fileRef = 9B10FC212A9F4A4B009CE54C /* StockTradingRecord.swift */; };
		9B10FC242AA1B7ED009CE54C /* StockTradingRecordTests.swift in Sources */ = {isa = PBXBuildFile; fileRef = 9B10FC232AA1B7EC009CE54C /* StockTradingRecordTests.swift */; };
		9BFE624A2AA4BB4B00F4F7BC /* StockRecordUtility.swift in Sources */ = {isa = PBXBuildFile; fileRef = 9BFE62492AA4BB4B00F4F7BC /* StockRecordUtility.swift */; };
		9BFE624C2AA4DFDD00F4F7BC /* StockRecordUtilityTests.swift in Sources */ = {isa = PBXBuildFile; fileRef = 9BFE624B2AA4DFDD00F4F7BC /* StockRecordUtilityTests.swift */; };
		9BFE624E2AA571CF00F4F7BC /* TradingSide.swift in Sources */ = {isa = PBXBuildFile; fileRef = 9BFE624D2AA571CF00F4F7BC /* TradingSide.swift */; };
		9BFE62502AA784A400F4F7BC /* DateUtility.swift in Sources */ = {isa = PBXBuildFile; fileRef = 9BFE624F2AA784A400F4F7BC /* DateUtility.swift */; };
		9BFE62522AA784AE00F4F7BC /* DateUtilityTests.swift in Sources */ = {isa = PBXBuildFile; fileRef = 9BFE62512AA784AE00F4F7BC /* DateUtilityTests.swift */; };
		9BFE625D2AA9985300F4F7BC /* StockTradingRecordStore.swift in Sources */ = {isa = PBXBuildFile; fileRef = 9BFE625C2AA9985300F4F7BC /* StockTradingRecordStore.swift */; };
		9BFE625F2AA99A0C00F4F7BC /* StockTradingRecordStoreTests.swift in Sources */ = {isa = PBXBuildFile; fileRef = 9BFE625E2AA99A0C00F4F7BC /* StockTradingRecordStoreTests.swift */; };
		9BFE62712AAA272000F4F7BC /* TradingRecordListView.swift in Sources */ = {isa = PBXBuildFile; fileRef = 9BFE62702AAA272000F4F7BC /* TradingRecordListView.swift */; };
		9BFE62742AAE216600F4F7BC /* EmptyRecordView.swift in Sources */ = {isa = PBXBuildFile; fileRef = 9BFE62732AAE216600F4F7BC /* EmptyRecordView.swift */; };
		9BFE62922AB9DC4100F4F7BC /* TapCounterViewController.swift in Sources */ = {isa = PBXBuildFile; fileRef = 9BFE62912AB9DC4100F4F7BC /* TapCounterViewController.swift */; };
		9BFE62952AB9DCBA00F4F7BC /* SnapKit in Frameworks */ = {isa = PBXBuildFile; productRef = 9BFE62942AB9DCBA00F4F7BC /* SnapKit */; };
		9BFE62972AB9DCEF00F4F7BC /* TapCounterView.swift in Sources */ = {isa = PBXBuildFile; fileRef = 9BFE62962AB9DCEF00F4F7BC /* TapCounterView.swift */; };
		9BFE62A72ABB281900F4F7BC /* UserDefaultsProtocol.swift in Sources */ = {isa = PBXBuildFile; fileRef = 9BFE62A62ABB281900F4F7BC /* UserDefaultsProtocol.swift */; };
		9BFE62AB2ABB2E8A00F4F7BC /* UserDefaultsTests.swift in Sources */ = {isa = PBXBuildFile; fileRef = 9BFE62AA2ABB2E8A00F4F7BC /* UserDefaultsTests.swift */; };
		9BFE62AD2ABB2F5700F4F7BC /* TapCounterViewControllerTests.swift in Sources */ = {isa = PBXBuildFile; fileRef = 9BFE62AC2ABB2F5700F4F7BC /* TapCounterViewControllerTests.swift */; };
/* End PBXBuildFile section */

/* Begin PBXContainerItemProxy section */
		9B0F59372ACC4C900075C452 /* PBXContainerItemProxy */ = {
			isa = PBXContainerItemProxy;
			containerPortal = 9B10FBE62A9F4854009CE54C /* Project object */;
			proxyType = 1;
			remoteGlobalIDString = 9B0F59202ACC4C8F0075C452;
			remoteInfo = LaunchProj;
		};
		9B0F59412ACC4C910075C452 /* PBXContainerItemProxy */ = {
			isa = PBXContainerItemProxy;
			containerPortal = 9B10FBE62A9F4854009CE54C /* Project object */;
			proxyType = 1;
			remoteGlobalIDString = 9B0F59202ACC4C8F0075C452;
			remoteInfo = LaunchProj;
		};
		9B10FBFF2A9F4856009CE54C /* PBXContainerItemProxy */ = {
			isa = PBXContainerItemProxy;
			containerPortal = 9B10FBE62A9F4854009CE54C /* Project object */;
			proxyType = 1;
			remoteGlobalIDString = 9B10FBED2A9F4854009CE54C;
			remoteInfo = TwStockTools;
		};
/* End PBXContainerItemProxy section */

/* Begin PBXFileReference section */
		9B0F58C12AC2C2AC0075C452 /* TSTabView.swift */ = {isa = PBXFileReference; lastKnownFileType = sourcecode.swift; path = TSTabView.swift; sourceTree = "<group>"; };
		9B0F58C32AC2C4E10075C452 /* StockInfoListView.swift */ = {isa = PBXFileReference; lastKnownFileType = sourcecode.swift; path = StockInfoListView.swift; sourceTree = "<group>"; };
		9B0F58CA2AC307E80075C452 /* StockDailyInfo.swift */ = {isa = PBXFileReference; lastKnownFileType = sourcecode.swift; path = StockDailyInfo.swift; sourceTree = "<group>"; };
		9B0F58CC2AC307FD0075C452 /* StockInfoRow.swift */ = {isa = PBXFileReference; lastKnownFileType = sourcecode.swift; path = StockInfoRow.swift; sourceTree = "<group>"; };
		9B0F58CF2AC320640075C452 /* APIClient.swift */ = {isa = PBXFileReference; lastKnownFileType = sourcecode.swift; path = APIClient.swift; sourceTree = "<group>"; };
		9B0F58D12AC321720075C452 /* APIClientTests.swift */ = {isa = PBXFileReference; lastKnownFileType = sourcecode.swift; path = APIClientTests.swift; sourceTree = "<group>"; };
		9B0F58D32AC3B4050075C452 /* URLSessionProtocolMock.swift */ = {isa = PBXFileReference; lastKnownFileType = sourcecode.swift; path = URLSessionProtocolMock.swift; sourceTree = "<group>"; };
		9B0F58D52AC46C910075C452 /* StockDailyInfoElementTests.swift */ = {isa = PBXFileReference; lastKnownFileType = sourcecode.swift; path = StockDailyInfoElementTests.swift; sourceTree = "<group>"; };
		9B0F59212ACC4C8F0075C452 /* LaunchProj.app */ = {isa = PBXFileReference; explicitFileType = wrapper.application; includeInIndex = 0; path = LaunchProj.app; sourceTree = BUILT_PRODUCTS_DIR; };
		9B0F59232ACC4C8F0075C452 /* AppDelegate.swift */ = {isa = PBXFileReference; lastKnownFileType = sourcecode.swift; path = AppDelegate.swift; sourceTree = "<group>"; };
		9B0F59252ACC4C8F0075C452 /* SceneDelegate.swift */ = {isa = PBXFileReference; lastKnownFileType = sourcecode.swift; path = SceneDelegate.swift; sourceTree = "<group>"; };
		9B0F59272ACC4C8F0075C452 /* ViewController.swift */ = {isa = PBXFileReference; lastKnownFileType = sourcecode.swift; path = ViewController.swift; sourceTree = "<group>"; };
		9B0F592A2ACC4C8F0075C452 /* Base */ = {isa = PBXFileReference; lastKnownFileType = file.storyboard; name = Base; path = Base.lproj/Main.storyboard; sourceTree = "<group>"; };
		9B0F592C2ACC4C900075C452 /* Assets.xcassets */ = {isa = PBXFileReference; lastKnownFileType = folder.assetcatalog; path = Assets.xcassets; sourceTree = "<group>"; };
		9B0F592F2ACC4C900075C452 /* Base */ = {isa = PBXFileReference; lastKnownFileType = file.storyboard; name = Base; path = Base.lproj/LaunchScreen.storyboard; sourceTree = "<group>"; };
		9B0F59312ACC4C900075C452 /* Info.plist */ = {isa = PBXFileReference; lastKnownFileType = text.plist.xml; path = Info.plist; sourceTree = "<group>"; };
		9B0F59362ACC4C900075C452 /* LaunchProjTests.xctest */ = {isa = PBXFileReference; explicitFileType = wrapper.cfbundle; includeInIndex = 0; path = LaunchProjTests.xctest; sourceTree = BUILT_PRODUCTS_DIR; };
		9B0F593A2ACC4C910075C452 /* LaunchProjTests.swift */ = {isa = PBXFileReference; lastKnownFileType = sourcecode.swift; path = LaunchProjTests.swift; sourceTree = "<group>"; };
		9B0F59402ACC4C910075C452 /* LaunchProjUITests.xctest */ = {isa = PBXFileReference; explicitFileType = wrapper.cfbundle; includeInIndex = 0; path = LaunchProjUITests.xctest; sourceTree = BUILT_PRODUCTS_DIR; };
		9B0F59442ACC4C910075C452 /* LaunchProjUITests.swift */ = {isa = PBXFileReference; lastKnownFileType = sourcecode.swift; path = LaunchProjUITests.swift; sourceTree = "<group>"; };
		9B0F59462ACC4C910075C452 /* LaunchProjUITestsLaunchTests.swift */ = {isa = PBXFileReference; lastKnownFileType = sourcecode.swift; path = LaunchProjUITestsLaunchTests.swift; sourceTree = "<group>"; };
		9B0F59512ACC4CBE0075C452 /* MockAppDelegate.swift */ = {isa = PBXFileReference; lastKnownFileType = sourcecode.swift; path = MockAppDelegate.swift; sourceTree = "<group>"; };
		9B0F59532ACC4E370075C452 /* main.swift */ = {isa = PBXFileReference; lastKnownFileType = sourcecode.swift; path = main.swift; sourceTree = "<group>"; };
		9B10FBEE2A9F4854009CE54C /* TwStockTools.app */ = {isa = PBXFileReference; explicitFileType = wrapper.application; includeInIndex = 0; path = TwStockTools.app; sourceTree = BUILT_PRODUCTS_DIR; };
		9B10FBF12A9F4854009CE54C /* TwStockToolsApp.swift */ = {isa = PBXFileReference; lastKnownFileType = sourcecode.swift; path = TwStockToolsApp.swift; sourceTree = "<group>"; };
		9B10FBF32A9F4854009CE54C /* ContentView.swift */ = {isa = PBXFileReference; lastKnownFileType = sourcecode.swift; path = ContentView.swift; sourceTree = "<group>"; };
		9B10FBF52A9F4856009CE54C /* Assets.xcassets */ = {isa = PBXFileReference; lastKnownFileType = folder.assetcatalog; path = Assets.xcassets; sourceTree = "<group>"; };
		9B10FBF82A9F4856009CE54C /* Preview Assets.xcassets */ = {isa = PBXFileReference; lastKnownFileType = folder.assetcatalog; path = "Preview Assets.xcassets"; sourceTree = "<group>"; };
		9B10FBFE2A9F4856009CE54C /* TwStockToolsTests.xctest */ = {isa = PBXFileReference; explicitFileType = wrapper.cfbundle; includeInIndex = 0; path = TwStockToolsTests.xctest; sourceTree = BUILT_PRODUCTS_DIR; };
		9B10FC022A9F4856009CE54C /* TwStockToolsTests.swift */ = {isa = PBXFileReference; lastKnownFileType = sourcecode.swift; path = TwStockToolsTests.swift; sourceTree = "<group>"; };
		9B10FC1E2A9F49E4009CE54C /* StockTradingInputViewInputView.swift */ = {isa = PBXFileReference; lastKnownFileType = sourcecode.swift; path = StockTradingInputViewInputView.swift; sourceTree = "<group>"; };
		9B10FC212A9F4A4B009CE54C /* StockTradingRecord.swift */ = {isa = PBXFileReference; lastKnownFileType = sourcecode.swift; path = StockTradingRecord.swift; sourceTree = "<group>"; };
		9B10FC232AA1B7EC009CE54C /* StockTradingRecordTests.swift */ = {isa = PBXFileReference; lastKnownFileType = sourcecode.swift; path = StockTradingRecordTests.swift; sourceTree = "<group>"; };
		9BFE62492AA4BB4B00F4F7BC /* StockRecordUtility.swift */ = {isa = PBXFileReference; lastKnownFileType = sourcecode.swift; path = StockRecordUtility.swift; sourceTree = "<group>"; };
		9BFE624B2AA4DFDD00F4F7BC /* StockRecordUtilityTests.swift */ = {isa = PBXFileReference; lastKnownFileType = sourcecode.swift; path = StockRecordUtilityTests.swift; sourceTree = "<group>"; };
		9BFE624D2AA571CF00F4F7BC /* TradingSide.swift */ = {isa = PBXFileReference; lastKnownFileType = sourcecode.swift; path = TradingSide.swift; sourceTree = "<group>"; };
		9BFE624F2AA784A400F4F7BC /* DateUtility.swift */ = {isa = PBXFileReference; lastKnownFileType = sourcecode.swift; path = DateUtility.swift; sourceTree = "<group>"; };
		9BFE62512AA784AE00F4F7BC /* DateUtilityTests.swift */ = {isa = PBXFileReference; lastKnownFileType = sourcecode.swift; path = DateUtilityTests.swift; sourceTree = "<group>"; };
		9BFE625C2AA9985300F4F7BC /* StockTradingRecordStore.swift */ = {isa = PBXFileReference; lastKnownFileType = sourcecode.swift; path = StockTradingRecordStore.swift; sourceTree = "<group>"; };
		9BFE625E2AA99A0C00F4F7BC /* StockTradingRecordStoreTests.swift */ = {isa = PBXFileReference; lastKnownFileType = sourcecode.swift; path = StockTradingRecordStoreTests.swift; sourceTree = "<group>"; };
		9BFE62702AAA272000F4F7BC /* TradingRecordListView.swift */ = {isa = PBXFileReference; lastKnownFileType = sourcecode.swift; path = TradingRecordListView.swift; sourceTree = "<group>"; };
		9BFE62722AAA2B0700F4F7BC /* Info.plist */ = {isa = PBXFileReference; lastKnownFileType = text.plist; path = Info.plist; sourceTree = "<group>"; };
		9BFE62732AAE216600F4F7BC /* EmptyRecordView.swift */ = {isa = PBXFileReference; lastKnownFileType = sourcecode.swift; path = EmptyRecordView.swift; sourceTree = "<group>"; };
		9BFE62912AB9DC4100F4F7BC /* TapCounterViewController.swift */ = {isa = PBXFileReference; lastKnownFileType = sourcecode.swift; path = TapCounterViewController.swift; sourceTree = "<group>"; };
		9BFE62962AB9DCEF00F4F7BC /* TapCounterView.swift */ = {isa = PBXFileReference; lastKnownFileType = sourcecode.swift; path = TapCounterView.swift; sourceTree = "<group>"; };
		9BFE62A62ABB281900F4F7BC /* UserDefaultsProtocol.swift */ = {isa = PBXFileReference; lastKnownFileType = sourcecode.swift; path = UserDefaultsProtocol.swift; sourceTree = "<group>"; };
		9BFE62AA2ABB2E8A00F4F7BC /* UserDefaultsTests.swift */ = {isa = PBXFileReference; lastKnownFileType = sourcecode.swift; path = UserDefaultsTests.swift; sourceTree = "<group>"; };
		9BFE62AC2ABB2F5700F4F7BC /* TapCounterViewControllerTests.swift */ = {isa = PBXFileReference; lastKnownFileType = sourcecode.swift; path = TapCounterViewControllerTests.swift; sourceTree = "<group>"; };
/* End PBXFileReference section */

/* Begin PBXFrameworksBuildPhase section */
		9B0F591E2ACC4C8F0075C452 /* Frameworks */ = {
			isa = PBXFrameworksBuildPhase;
			buildActionMask = 2147483647;
			files = (
			);
			runOnlyForDeploymentPostprocessing = 0;
		};
		9B0F59332ACC4C900075C452 /* Frameworks */ = {
			isa = PBXFrameworksBuildPhase;
			buildActionMask = 2147483647;
			files = (
			);
			runOnlyForDeploymentPostprocessing = 0;
		};
		9B0F593D2ACC4C910075C452 /* Frameworks */ = {
			isa = PBXFrameworksBuildPhase;
			buildActionMask = 2147483647;
			files = (
			);
			runOnlyForDeploymentPostprocessing = 0;
		};
		9B10FBEB2A9F4854009CE54C /* Frameworks */ = {
			isa = PBXFrameworksBuildPhase;
			buildActionMask = 2147483647;
			files = (
				9BFE62952AB9DCBA00F4F7BC /* SnapKit in Frameworks */,
			);
			runOnlyForDeploymentPostprocessing = 0;
		};
		9B10FBFB2A9F4856009CE54C /* Frameworks */ = {
			isa = PBXFrameworksBuildPhase;
			buildActionMask = 2147483647;
			files = (
			);
			runOnlyForDeploymentPostprocessing = 0;
		};
/* End PBXFrameworksBuildPhase section */

/* Begin PBXGroup section */
		9B0F58C52AC2C6FD0075C452 /* Cells */ = {
			isa = PBXGroup;
			children = (
				9B0F58CC2AC307FD0075C452 /* StockInfoRow.swift */,
			);
			path = Cells;
			sourceTree = "<group>";
		};
		9B0F58CE2AC320400075C452 /* Network */ = {
			isa = PBXGroup;
			children = (
				9B0F58CF2AC320640075C452 /* APIClient.swift */,
			);
			path = Network;
			sourceTree = "<group>";
		};
		9B0F59222ACC4C8F0075C452 /* LaunchProj */ = {
			isa = PBXGroup;
			children = (
				9B0F59532ACC4E370075C452 /* main.swift */,
				9B0F59232ACC4C8F0075C452 /* AppDelegate.swift */,
				9B0F59512ACC4CBE0075C452 /* MockAppDelegate.swift */,
				9B0F59252ACC4C8F0075C452 /* SceneDelegate.swift */,
				9B0F59272ACC4C8F0075C452 /* ViewController.swift */,
				9B0F59292ACC4C8F0075C452 /* Main.storyboard */,
				9B0F592C2ACC4C900075C452 /* Assets.xcassets */,
				9B0F592E2ACC4C900075C452 /* LaunchScreen.storyboard */,
				9B0F59312ACC4C900075C452 /* Info.plist */,
			);
			path = LaunchProj;
			sourceTree = "<group>";
		};
		9B0F59392ACC4C910075C452 /* LaunchProjTests */ = {
			isa = PBXGroup;
			children = (
				9B0F593A2ACC4C910075C452 /* LaunchProjTests.swift */,
			);
			path = LaunchProjTests;
			sourceTree = "<group>";
		};
		9B0F59432ACC4C910075C452 /* LaunchProjUITests */ = {
			isa = PBXGroup;
			children = (
				9B0F59442ACC4C910075C452 /* LaunchProjUITests.swift */,
				9B0F59462ACC4C910075C452 /* LaunchProjUITestsLaunchTests.swift */,
			);
			path = LaunchProjUITests;
			sourceTree = "<group>";
		};
		9B10FBE52A9F4854009CE54C = {
			isa = PBXGroup;
			children = (
				9B10FBF02A9F4854009CE54C /* TwStockTools */,
				9B10FC012A9F4856009CE54C /* TwStockToolsTests */,
				9B0F59222ACC4C8F0075C452 /* LaunchProj */,
				9B0F59392ACC4C910075C452 /* LaunchProjTests */,
				9B0F59432ACC4C910075C452 /* LaunchProjUITests */,
				9B10FBEF2A9F4854009CE54C /* Products */,
			);
			sourceTree = "<group>";
		};
		9B10FBEF2A9F4854009CE54C /* Products */ = {
			isa = PBXGroup;
			children = (
				9B10FBEE2A9F4854009CE54C /* TwStockTools.app */,
				9B10FBFE2A9F4856009CE54C /* TwStockToolsTests.xctest */,
				9B0F59212ACC4C8F0075C452 /* LaunchProj.app */,
				9B0F59362ACC4C900075C452 /* LaunchProjTests.xctest */,
				9B0F59402ACC4C910075C452 /* LaunchProjUITests.xctest */,
			);
			name = Products;
			sourceTree = "<group>";
		};
		9B10FBF02A9F4854009CE54C /* TwStockTools */ = {
			isa = PBXGroup;
			children = (
				9BFE62722AAA2B0700F4F7BC /* Info.plist */,
				9B10FBF12A9F4854009CE54C /* TwStockToolsApp.swift */,
				9B0F58CE2AC320400075C452 /* Network */,
				9BFE62A52ABB280300F4F7BC /* Protocols */,
				9BFE628E2AB9DC2300F4F7BC /* ViewControllers */,
				9BFE62482AA4BB3400F4F7BC /* Utilities */,
				9B10FC202A9F4A2F009CE54C /* Models */,
				9B10FC1D2A9F49CF009CE54C /* Views */,
				9B10FBF52A9F4856009CE54C /* Assets.xcassets */,
				9B10FBF72A9F4856009CE54C /* Preview Content */,
			);
			path = TwStockTools;
			sourceTree = "<group>";
		};
		9B10FBF72A9F4856009CE54C /* Preview Content */ = {
			isa = PBXGroup;
			children = (
				9B10FBF82A9F4856009CE54C /* Preview Assets.xcassets */,
			);
			path = "Preview Content";
			sourceTree = "<group>";
		};
		9B10FC012A9F4856009CE54C /* TwStockToolsTests */ = {
			isa = PBXGroup;
			children = (
				9B0F58D52AC46C910075C452 /* StockDailyInfoElementTests.swift */,
				9B0F58D12AC321720075C452 /* APIClientTests.swift */,
				9BFE62AC2ABB2F5700F4F7BC /* TapCounterViewControllerTests.swift */,
				9BFE62AA2ABB2E8A00F4F7BC /* UserDefaultsTests.swift */,
				9BFE625E2AA99A0C00F4F7BC /* StockTradingRecordStoreTests.swift */,
				9BFE62512AA784AE00F4F7BC /* DateUtilityTests.swift */,
				9BFE624B2AA4DFDD00F4F7BC /* StockRecordUtilityTests.swift */,
				9B10FC232AA1B7EC009CE54C /* StockTradingRecordTests.swift */,
				9B10FC022A9F4856009CE54C /* TwStockToolsTests.swift */,
				9B0F58D32AC3B4050075C452 /* URLSessionProtocolMock.swift */,
			);
			path = TwStockToolsTests;
			sourceTree = "<group>";
		};
		9B10FC1D2A9F49CF009CE54C /* Views */ = {
			isa = PBXGroup;
			children = (
				9B0F58C52AC2C6FD0075C452 /* Cells */,
				9B10FBF32A9F4854009CE54C /* ContentView.swift */,
				9BFE62702AAA272000F4F7BC /* TradingRecordListView.swift */,
				9B10FC1E2A9F49E4009CE54C /* StockTradingInputViewInputView.swift */,
				9BFE62732AAE216600F4F7BC /* EmptyRecordView.swift */,
				9BFE62962AB9DCEF00F4F7BC /* TapCounterView.swift */,
				9B0F58C12AC2C2AC0075C452 /* TSTabView.swift */,
				9B0F58C32AC2C4E10075C452 /* StockInfoListView.swift */,
			);
			path = Views;
			sourceTree = "<group>";
		};
		9B10FC202A9F4A2F009CE54C /* Models */ = {
			isa = PBXGroup;
			children = (
				9B10FC212A9F4A4B009CE54C /* StockTradingRecord.swift */,
				9BFE624D2AA571CF00F4F7BC /* TradingSide.swift */,
				9BFE625C2AA9985300F4F7BC /* StockTradingRecordStore.swift */,
				9B0F58CA2AC307E80075C452 /* StockDailyInfo.swift */,
			);
			path = Models;
			sourceTree = "<group>";
		};
		9BFE62482AA4BB3400F4F7BC /* Utilities */ = {
			isa = PBXGroup;
			children = (
				9BFE62492AA4BB4B00F4F7BC /* StockRecordUtility.swift */,
				9BFE624F2AA784A400F4F7BC /* DateUtility.swift */,
			);
			path = Utilities;
			sourceTree = "<group>";
		};
		9BFE628E2AB9DC2300F4F7BC /* ViewControllers */ = {
			isa = PBXGroup;
			children = (
				9BFE62912AB9DC4100F4F7BC /* TapCounterViewController.swift */,
			);
			path = ViewControllers;
			sourceTree = "<group>";
		};
		9BFE62A52ABB280300F4F7BC /* Protocols */ = {
			isa = PBXGroup;
			children = (
				9BFE62A62ABB281900F4F7BC /* UserDefaultsProtocol.swift */,
			);
			path = Protocols;
			sourceTree = "<group>";
		};
/* End PBXGroup section */

/* Begin PBXNativeTarget section */
		9B0F59202ACC4C8F0075C452 /* LaunchProj */ = {
			isa = PBXNativeTarget;
			buildConfigurationList = 9B0F59482ACC4C910075C452 /* Build configuration list for PBXNativeTarget "LaunchProj" */;
			buildPhases = (
				9B0F591D2ACC4C8F0075C452 /* Sources */,
				9B0F591E2ACC4C8F0075C452 /* Frameworks */,
				9B0F591F2ACC4C8F0075C452 /* Resources */,
			);
			buildRules = (
			);
			dependencies = (
			);
			name = LaunchProj;
			productName = LaunchProj;
			productReference = 9B0F59212ACC4C8F0075C452 /* LaunchProj.app */;
			productType = "com.apple.product-type.application";
		};
		9B0F59352ACC4C900075C452 /* LaunchProjTests */ = {
			isa = PBXNativeTarget;
			buildConfigurationList = 9B0F594B2ACC4C910075C452 /* Build configuration list for PBXNativeTarget "LaunchProjTests" */;
			buildPhases = (
				9B0F59322ACC4C900075C452 /* Sources */,
				9B0F59332ACC4C900075C452 /* Frameworks */,
				9B0F59342ACC4C900075C452 /* Resources */,
			);
			buildRules = (
			);
			dependencies = (
				9B0F59382ACC4C900075C452 /* PBXTargetDependency */,
			);
			name = LaunchProjTests;
			productName = LaunchProjTests;
			productReference = 9B0F59362ACC4C900075C452 /* LaunchProjTests.xctest */;
			productType = "com.apple.product-type.bundle.unit-test";
		};
		9B0F593F2ACC4C910075C452 /* LaunchProjUITests */ = {
			isa = PBXNativeTarget;
			buildConfigurationList = 9B0F594E2ACC4C910075C452 /* Build configuration list for PBXNativeTarget "LaunchProjUITests" */;
			buildPhases = (
				9B0F593C2ACC4C910075C452 /* Sources */,
				9B0F593D2ACC4C910075C452 /* Frameworks */,
				9B0F593E2ACC4C910075C452 /* Resources */,
			);
			buildRules = (
			);
			dependencies = (
				9B0F59422ACC4C910075C452 /* PBXTargetDependency */,
			);
			name = LaunchProjUITests;
			productName = LaunchProjUITests;
			productReference = 9B0F59402ACC4C910075C452 /* LaunchProjUITests.xctest */;
			productType = "com.apple.product-type.bundle.ui-testing";
		};
		9B10FBED2A9F4854009CE54C /* TwStockTools */ = {
			isa = PBXNativeTarget;
			buildConfigurationList = 9B10FC122A9F4856009CE54C /* Build configuration list for PBXNativeTarget "TwStockTools" */;
			buildPhases = (
				9B10FBEA2A9F4854009CE54C /* Sources */,
				9B10FBEB2A9F4854009CE54C /* Frameworks */,
				9B10FBEC2A9F4854009CE54C /* Resources */,
			);
			buildRules = (
			);
			dependencies = (
			);
			name = TwStockTools;
			packageProductDependencies = (
				9BFE62942AB9DCBA00F4F7BC /* SnapKit */,
			);
			productName = TwStockTools;
			productReference = 9B10FBEE2A9F4854009CE54C /* TwStockTools.app */;
			productType = "com.apple.product-type.application";
		};
		9B10FBFD2A9F4856009CE54C /* TwStockToolsTests */ = {
			isa = PBXNativeTarget;
			buildConfigurationList = 9B10FC152A9F4856009CE54C /* Build configuration list for PBXNativeTarget "TwStockToolsTests" */;
			buildPhases = (
				9B10FBFA2A9F4856009CE54C /* Sources */,
				9B10FBFB2A9F4856009CE54C /* Frameworks */,
				9B10FBFC2A9F4856009CE54C /* Resources */,
			);
			buildRules = (
			);
			dependencies = (
				9B10FC002A9F4856009CE54C /* PBXTargetDependency */,
			);
			name = TwStockToolsTests;
			productName = TwStockToolsTests;
			productReference = 9B10FBFE2A9F4856009CE54C /* TwStockToolsTests.xctest */;
			productType = "com.apple.product-type.bundle.unit-test";
		};
/* End PBXNativeTarget section */

/* Begin PBXProject section */
		9B10FBE62A9F4854009CE54C /* Project object */ = {
			isa = PBXProject;
			attributes = {
				BuildIndependentTargetsInParallel = 1;
				LastSwiftUpdateCheck = 1420;
				LastUpgradeCheck = 1420;
				TargetAttributes = {
					9B0F59202ACC4C8F0075C452 = {
						CreatedOnToolsVersion = 14.2;
					};
					9B0F59352ACC4C900075C452 = {
						CreatedOnToolsVersion = 14.2;
						TestTargetID = 9B0F59202ACC4C8F0075C452;
					};
					9B0F593F2ACC4C910075C452 = {
						CreatedOnToolsVersion = 14.2;
						TestTargetID = 9B0F59202ACC4C8F0075C452;
					};
					9B10FBED2A9F4854009CE54C = {
						CreatedOnToolsVersion = 14.2;
					};
					9B10FBFD2A9F4856009CE54C = {
						CreatedOnToolsVersion = 14.2;
						TestTargetID = 9B10FBED2A9F4854009CE54C;
					};
				};
			};
			buildConfigurationList = 9B10FBE92A9F4854009CE54C /* Build configuration list for PBXProject "TwStockTools" */;
			compatibilityVersion = "Xcode 14.0";
			developmentRegion = en;
			hasScannedForEncodings = 0;
			knownRegions = (
				en,
				Base,
			);
			mainGroup = 9B10FBE52A9F4854009CE54C;
			packageReferences = (
				9BFE62932AB9DCBA00F4F7BC /* XCRemoteSwiftPackageReference "SnapKit" */,
			);
			productRefGroup = 9B10FBEF2A9F4854009CE54C /* Products */;
			projectDirPath = "";
			projectRoot = "";
			targets = (
				9B10FBED2A9F4854009CE54C /* TwStockTools */,
				9B10FBFD2A9F4856009CE54C /* TwStockToolsTests */,
				9B0F59202ACC4C8F0075C452 /* LaunchProj */,
				9B0F59352ACC4C900075C452 /* LaunchProjTests */,
				9B0F593F2ACC4C910075C452 /* LaunchProjUITests */,
			);
		};
/* End PBXProject section */

/* Begin PBXResourcesBuildPhase section */
		9B0F591F2ACC4C8F0075C452 /* Resources */ = {
			isa = PBXResourcesBuildPhase;
			buildActionMask = 2147483647;
			files = (
				9B0F59302ACC4C900075C452 /* LaunchScreen.storyboard in Resources */,
				9B0F592D2ACC4C900075C452 /* Assets.xcassets in Resources */,
				9B0F592B2ACC4C8F0075C452 /* Main.storyboard in Resources */,
			);
			runOnlyForDeploymentPostprocessing = 0;
		};
		9B0F59342ACC4C900075C452 /* Resources */ = {
			isa = PBXResourcesBuildPhase;
			buildActionMask = 2147483647;
			files = (
			);
			runOnlyForDeploymentPostprocessing = 0;
		};
		9B0F593E2ACC4C910075C452 /* Resources */ = {
			isa = PBXResourcesBuildPhase;
			buildActionMask = 2147483647;
			files = (
			);
			runOnlyForDeploymentPostprocessing = 0;
		};
		9B10FBEC2A9F4854009CE54C /* Resources */ = {
			isa = PBXResourcesBuildPhase;
			buildActionMask = 2147483647;
			files = (
				9B10FBF92A9F4856009CE54C /* Preview Assets.xcassets in Resources */,
				9B10FBF62A9F4856009CE54C /* Assets.xcassets in Resources */,
			);
			runOnlyForDeploymentPostprocessing = 0;
		};
		9B10FBFC2A9F4856009CE54C /* Resources */ = {
			isa = PBXResourcesBuildPhase;
			buildActionMask = 2147483647;
			files = (
			);
			runOnlyForDeploymentPostprocessing = 0;
		};
/* End PBXResourcesBuildPhase section */

/* Begin PBXSourcesBuildPhase section */
		9B0F591D2ACC4C8F0075C452 /* Sources */ = {
			isa = PBXSourcesBuildPhase;
			buildActionMask = 2147483647;
			files = (
				9B0F59282ACC4C8F0075C452 /* ViewController.swift in Sources */,
				9B0F59542ACC4E370075C452 /* main.swift in Sources */,
				9B0F59242ACC4C8F0075C452 /* AppDelegate.swift in Sources */,
				9B0F59522ACC4CBE0075C452 /* MockAppDelegate.swift in Sources */,
				9B0F59262ACC4C8F0075C452 /* SceneDelegate.swift in Sources */,
			);
			runOnlyForDeploymentPostprocessing = 0;
		};
		9B0F59322ACC4C900075C452 /* Sources */ = {
			isa = PBXSourcesBuildPhase;
			buildActionMask = 2147483647;
			files = (
				9B0F593B2ACC4C910075C452 /* LaunchProjTests.swift in Sources */,
			);
			runOnlyForDeploymentPostprocessing = 0;
		};
		9B0F593C2ACC4C910075C452 /* Sources */ = {
			isa = PBXSourcesBuildPhase;
			buildActionMask = 2147483647;
			files = (
				9B0F59472ACC4C910075C452 /* LaunchProjUITestsLaunchTests.swift in Sources */,
				9B0F59452ACC4C910075C452 /* LaunchProjUITests.swift in Sources */,
			);
			runOnlyForDeploymentPostprocessing = 0;
		};
		9B10FBEA2A9F4854009CE54C /* Sources */ = {
			isa = PBXSourcesBuildPhase;
			buildActionMask = 2147483647;
			files = (
				9B10FC1F2A9F49E4009CE54C /* StockTradingInputViewInputView.swift in Sources */,
				9BFE625D2AA9985300F4F7BC /* StockTradingRecordStore.swift in Sources */,
				9B0F58C42AC2C4E10075C452 /* StockInfoListView.swift in Sources */,
				9B10FBF42A9F4854009CE54C /* ContentView.swift in Sources */,
				9B0F58C22AC2C2AC0075C452 /* TSTabView.swift in Sources */,
				9BFE62972AB9DCEF00F4F7BC /* TapCounterView.swift in Sources */,
				9BFE62742AAE216600F4F7BC /* EmptyRecordView.swift in Sources */,
				9B10FC222A9F4A4B009CE54C /* StockTradingRecord.swift in Sources */,
				9B0F58CD2AC307FD0075C452 /* StockInfoRow.swift in Sources */,
				9BFE62A72ABB281900F4F7BC /* UserDefaultsProtocol.swift in Sources */,
				9BFE62502AA784A400F4F7BC /* DateUtility.swift in Sources */,
				9BFE624A2AA4BB4B00F4F7BC /* StockRecordUtility.swift in Sources */,
				9BFE624E2AA571CF00F4F7BC /* TradingSide.swift in Sources */,
				9BFE62922AB9DC4100F4F7BC /* TapCounterViewController.swift in Sources */,
				9B0F58CB2AC307E80075C452 /* StockDailyInfo.swift in Sources */,
				9B10FBF22A9F4854009CE54C /* TwStockToolsApp.swift in Sources */,
				9BFE62712AAA272000F4F7BC /* TradingRecordListView.swift in Sources */,
				9B0F58D02AC320640075C452 /* APIClient.swift in Sources */,
			);
			runOnlyForDeploymentPostprocessing = 0;
		};
		9B10FBFA2A9F4856009CE54C /* Sources */ = {
			isa = PBXSourcesBuildPhase;
			buildActionMask = 2147483647;
			files = (
				9B0F58D42AC3B4050075C452 /* URLSessionProtocolMock.swift in Sources */,
				9BFE62AB2ABB2E8A00F4F7BC /* UserDefaultsTests.swift in Sources */,
				9B0F58D62AC46C910075C452 /* StockDailyInfoElementTests.swift in Sources */,
				9B10FC032A9F4856009CE54C /* TwStockToolsTests.swift in Sources */,
				9BFE625F2AA99A0C00F4F7BC /* StockTradingRecordStoreTests.swift in Sources */,
				9B0F58D22AC321720075C452 /* APIClientTests.swift in Sources */,
				9BFE624C2AA4DFDD00F4F7BC /* StockRecordUtilityTests.swift in Sources */,
				9BFE62522AA784AE00F4F7BC /* DateUtilityTests.swift in Sources */,
				9B10FC242AA1B7ED009CE54C /* StockTradingRecordTests.swift in Sources */,
				9BFE62AD2ABB2F5700F4F7BC /* TapCounterViewControllerTests.swift in Sources */,
			);
			runOnlyForDeploymentPostprocessing = 0;
		};
/* End PBXSourcesBuildPhase section */

/* Begin PBXTargetDependency section */
		9B0F59382ACC4C900075C452 /* PBXTargetDependency */ = {
			isa = PBXTargetDependency;
			target = 9B0F59202ACC4C8F0075C452 /* LaunchProj */;
			targetProxy = 9B0F59372ACC4C900075C452 /* PBXContainerItemProxy */;
		};
		9B0F59422ACC4C910075C452 /* PBXTargetDependency */ = {
			isa = PBXTargetDependency;
			target = 9B0F59202ACC4C8F0075C452 /* LaunchProj */;
			targetProxy = 9B0F59412ACC4C910075C452 /* PBXContainerItemProxy */;
		};
		9B10FC002A9F4856009CE54C /* PBXTargetDependency */ = {
			isa = PBXTargetDependency;
			target = 9B10FBED2A9F4854009CE54C /* TwStockTools */;
			targetProxy = 9B10FBFF2A9F4856009CE54C /* PBXContainerItemProxy */;
		};
/* End PBXTargetDependency section */

/* Begin PBXVariantGroup section */
		9B0F59292ACC4C8F0075C452 /* Main.storyboard */ = {
			isa = PBXVariantGroup;
			children = (
				9B0F592A2ACC4C8F0075C452 /* Base */,
			);
			name = Main.storyboard;
			sourceTree = "<group>";
		};
		9B0F592E2ACC4C900075C452 /* LaunchScreen.storyboard */ = {
			isa = PBXVariantGroup;
			children = (
				9B0F592F2ACC4C900075C452 /* Base */,
			);
			name = LaunchScreen.storyboard;
			sourceTree = "<group>";
		};
/* End PBXVariantGroup section */

/* Begin XCBuildConfiguration section */
		9B0F59492ACC4C910075C452 /* Debug */ = {
			isa = XCBuildConfiguration;
			buildSettings = {
				ASSETCATALOG_COMPILER_APPICON_NAME = AppIcon;
				ASSETCATALOG_COMPILER_GLOBAL_ACCENT_COLOR_NAME = AccentColor;
				CODE_SIGN_STYLE = Automatic;
				CURRENT_PROJECT_VERSION = 1;
				DEVELOPMENT_TEAM = PJPD95M4QP;
				GENERATE_INFOPLIST_FILE = YES;
				INFOPLIST_FILE = LaunchProj/Info.plist;
				INFOPLIST_KEY_UIApplicationSupportsIndirectInputEvents = YES;
				INFOPLIST_KEY_UILaunchStoryboardName = LaunchScreen;
				INFOPLIST_KEY_UIMainStoryboardFile = Main;
				INFOPLIST_KEY_UISupportedInterfaceOrientations_iPad = "UIInterfaceOrientationPortrait UIInterfaceOrientationPortraitUpsideDown UIInterfaceOrientationLandscapeLeft UIInterfaceOrientationLandscapeRight";
				INFOPLIST_KEY_UISupportedInterfaceOrientations_iPhone = "UIInterfaceOrientationPortrait UIInterfaceOrientationLandscapeLeft UIInterfaceOrientationLandscapeRight";
				LD_RUNPATH_SEARCH_PATHS = (
					"$(inherited)",
					"@executable_path/Frameworks",
				);
				MARKETING_VERSION = 1.0;
				PRODUCT_BUNDLE_IDENTIFIER = io.marvin.LaunchProj;
				PRODUCT_NAME = "$(TARGET_NAME)";
				SWIFT_EMIT_LOC_STRINGS = YES;
				SWIFT_VERSION = 5.0;
				TARGETED_DEVICE_FAMILY = "1,2";
			};
			name = Debug;
		};
		9B0F594A2ACC4C910075C452 /* Release */ = {
			isa = XCBuildConfiguration;
			buildSettings = {
				ASSETCATALOG_COMPILER_APPICON_NAME = AppIcon;
				ASSETCATALOG_COMPILER_GLOBAL_ACCENT_COLOR_NAME = AccentColor;
				CODE_SIGN_STYLE = Automatic;
				CURRENT_PROJECT_VERSION = 1;
				DEVELOPMENT_TEAM = PJPD95M4QP;
				GENERATE_INFOPLIST_FILE = YES;
				INFOPLIST_FILE = LaunchProj/Info.plist;
				INFOPLIST_KEY_UIApplicationSupportsIndirectInputEvents = YES;
				INFOPLIST_KEY_UILaunchStoryboardName = LaunchScreen;
				INFOPLIST_KEY_UIMainStoryboardFile = Main;
				INFOPLIST_KEY_UISupportedInterfaceOrientations_iPad = "UIInterfaceOrientationPortrait UIInterfaceOrientationPortraitUpsideDown UIInterfaceOrientationLandscapeLeft UIInterfaceOrientationLandscapeRight";
				INFOPLIST_KEY_UISupportedInterfaceOrientations_iPhone = "UIInterfaceOrientationPortrait UIInterfaceOrientationLandscapeLeft UIInterfaceOrientationLandscapeRight";
				LD_RUNPATH_SEARCH_PATHS = (
					"$(inherited)",
					"@executable_path/Frameworks",
				);
				MARKETING_VERSION = 1.0;
				PRODUCT_BUNDLE_IDENTIFIER = io.marvin.LaunchProj;
				PRODUCT_NAME = "$(TARGET_NAME)";
				SWIFT_EMIT_LOC_STRINGS = YES;
				SWIFT_VERSION = 5.0;
				TARGETED_DEVICE_FAMILY = "1,2";
			};
			name = Release;
		};
		9B0F594C2ACC4C910075C452 /* Debug */ = {
			isa = XCBuildConfiguration;
			buildSettings = {
				ALWAYS_EMBED_SWIFT_STANDARD_LIBRARIES = YES;
				BUNDLE_LOADER = "$(TEST_HOST)";
				CODE_SIGN_STYLE = Automatic;
				CURRENT_PROJECT_VERSION = 1;
				DEVELOPMENT_TEAM = PJPD95M4QP;
				GENERATE_INFOPLIST_FILE = YES;
				IPHONEOS_DEPLOYMENT_TARGET = 16.2;
				MARKETING_VERSION = 1.0;
				PRODUCT_BUNDLE_IDENTIFIER = io.marvin.LaunchProjTests;
				PRODUCT_NAME = "$(TARGET_NAME)";
				SWIFT_EMIT_LOC_STRINGS = NO;
				SWIFT_VERSION = 5.0;
				TARGETED_DEVICE_FAMILY = "1,2";
				TEST_HOST = "$(BUILT_PRODUCTS_DIR)/LaunchProj.app/$(BUNDLE_EXECUTABLE_FOLDER_PATH)/LaunchProj";
			};
			name = Debug;
		};
		9B0F594D2ACC4C910075C452 /* Release */ = {
			isa = XCBuildConfiguration;
			buildSettings = {
				ALWAYS_EMBED_SWIFT_STANDARD_LIBRARIES = YES;
				BUNDLE_LOADER = "$(TEST_HOST)";
				CODE_SIGN_STYLE = Automatic;
				CURRENT_PROJECT_VERSION = 1;
				DEVELOPMENT_TEAM = PJPD95M4QP;
				GENERATE_INFOPLIST_FILE = YES;
				IPHONEOS_DEPLOYMENT_TARGET = 16.2;
				MARKETING_VERSION = 1.0;
				PRODUCT_BUNDLE_IDENTIFIER = io.marvin.LaunchProjTests;
				PRODUCT_NAME = "$(TARGET_NAME)";
				SWIFT_EMIT_LOC_STRINGS = NO;
				SWIFT_VERSION = 5.0;
				TARGETED_DEVICE_FAMILY = "1,2";
				TEST_HOST = "$(BUILT_PRODUCTS_DIR)/LaunchProj.app/$(BUNDLE_EXECUTABLE_FOLDER_PATH)/LaunchProj";
			};
			name = Release;
		};
		9B0F594F2ACC4C910075C452 /* Debug */ = {
			isa = XCBuildConfiguration;
			buildSettings = {
				ALWAYS_EMBED_SWIFT_STANDARD_LIBRARIES = YES;
				CODE_SIGN_STYLE = Automatic;
				CURRENT_PROJECT_VERSION = 1;
				DEVELOPMENT_TEAM = PJPD95M4QP;
				GENERATE_INFOPLIST_FILE = YES;
				MARKETING_VERSION = 1.0;
				PRODUCT_BUNDLE_IDENTIFIER = io.marvin.LaunchProjUITests;
				PRODUCT_NAME = "$(TARGET_NAME)";
				SWIFT_EMIT_LOC_STRINGS = NO;
				SWIFT_VERSION = 5.0;
				TARGETED_DEVICE_FAMILY = "1,2";
				TEST_TARGET_NAME = LaunchProj;
			};
			name = Debug;
		};
		9B0F59502ACC4C910075C452 /* Release */ = {
			isa = XCBuildConfiguration;
			buildSettings = {
				ALWAYS_EMBED_SWIFT_STANDARD_LIBRARIES = YES;
				CODE_SIGN_STYLE = Automatic;
				CURRENT_PROJECT_VERSION = 1;
				DEVELOPMENT_TEAM = PJPD95M4QP;
				GENERATE_INFOPLIST_FILE = YES;
				MARKETING_VERSION = 1.0;
				PRODUCT_BUNDLE_IDENTIFIER = io.marvin.LaunchProjUITests;
				PRODUCT_NAME = "$(TARGET_NAME)";
				SWIFT_EMIT_LOC_STRINGS = NO;
				SWIFT_VERSION = 5.0;
				TARGETED_DEVICE_FAMILY = "1,2";
				TEST_TARGET_NAME = LaunchProj;
			};
			name = Release;
		};
		9B10FC102A9F4856009CE54C /* Debug */ = {
			isa = XCBuildConfiguration;
			buildSettings = {
				ALWAYS_SEARCH_USER_PATHS = NO;
				CLANG_ANALYZER_NONNULL = YES;
				CLANG_ANALYZER_NUMBER_OBJECT_CONVERSION = YES_AGGRESSIVE;
				CLANG_CXX_LANGUAGE_STANDARD = "gnu++20";
				CLANG_ENABLE_MODULES = YES;
				CLANG_ENABLE_OBJC_ARC = YES;
				CLANG_ENABLE_OBJC_WEAK = YES;
				CLANG_WARN_BLOCK_CAPTURE_AUTORELEASING = YES;
				CLANG_WARN_BOOL_CONVERSION = YES;
				CLANG_WARN_COMMA = YES;
				CLANG_WARN_CONSTANT_CONVERSION = YES;
				CLANG_WARN_DEPRECATED_OBJC_IMPLEMENTATIONS = YES;
				CLANG_WARN_DIRECT_OBJC_ISA_USAGE = YES_ERROR;
				CLANG_WARN_DOCUMENTATION_COMMENTS = YES;
				CLANG_WARN_EMPTY_BODY = YES;
				CLANG_WARN_ENUM_CONVERSION = YES;
				CLANG_WARN_INFINITE_RECURSION = YES;
				CLANG_WARN_INT_CONVERSION = YES;
				CLANG_WARN_NON_LITERAL_NULL_CONVERSION = YES;
				CLANG_WARN_OBJC_IMPLICIT_RETAIN_SELF = YES;
				CLANG_WARN_OBJC_LITERAL_CONVERSION = YES;
				CLANG_WARN_OBJC_ROOT_CLASS = YES_ERROR;
				CLANG_WARN_QUOTED_INCLUDE_IN_FRAMEWORK_HEADER = YES;
				CLANG_WARN_RANGE_LOOP_ANALYSIS = YES;
				CLANG_WARN_STRICT_PROTOTYPES = YES;
				CLANG_WARN_SUSPICIOUS_MOVE = YES;
				CLANG_WARN_UNGUARDED_AVAILABILITY = YES_AGGRESSIVE;
				CLANG_WARN_UNREACHABLE_CODE = YES;
				CLANG_WARN__DUPLICATE_METHOD_MATCH = YES;
				COPY_PHASE_STRIP = NO;
				DEBUG_INFORMATION_FORMAT = dwarf;
				ENABLE_STRICT_OBJC_MSGSEND = YES;
				ENABLE_TESTABILITY = YES;
				GCC_C_LANGUAGE_STANDARD = gnu11;
				GCC_DYNAMIC_NO_PIC = NO;
				GCC_NO_COMMON_BLOCKS = YES;
				GCC_OPTIMIZATION_LEVEL = 0;
				GCC_PREPROCESSOR_DEFINITIONS = (
					"DEBUG=1",
					"$(inherited)",
				);
				GCC_WARN_64_TO_32_BIT_CONVERSION = YES;
				GCC_WARN_ABOUT_RETURN_TYPE = YES_ERROR;
				GCC_WARN_UNDECLARED_SELECTOR = YES;
				GCC_WARN_UNINITIALIZED_AUTOS = YES_AGGRESSIVE;
				GCC_WARN_UNUSED_FUNCTION = YES;
				GCC_WARN_UNUSED_VARIABLE = YES;
				IPHONEOS_DEPLOYMENT_TARGET = 16.2;
				MTL_ENABLE_DEBUG_INFO = INCLUDE_SOURCE;
				MTL_FAST_MATH = YES;
				ONLY_ACTIVE_ARCH = YES;
				SDKROOT = iphoneos;
				SWIFT_ACTIVE_COMPILATION_CONDITIONS = DEBUG;
				SWIFT_OPTIMIZATION_LEVEL = "-Onone";
			};
			name = Debug;
		};
		9B10FC112A9F4856009CE54C /* Release */ = {
			isa = XCBuildConfiguration;
			buildSettings = {
				ALWAYS_SEARCH_USER_PATHS = NO;
				CLANG_ANALYZER_NONNULL = YES;
				CLANG_ANALYZER_NUMBER_OBJECT_CONVERSION = YES_AGGRESSIVE;
				CLANG_CXX_LANGUAGE_STANDARD = "gnu++20";
				CLANG_ENABLE_MODULES = YES;
				CLANG_ENABLE_OBJC_ARC = YES;
				CLANG_ENABLE_OBJC_WEAK = YES;
				CLANG_WARN_BLOCK_CAPTURE_AUTORELEASING = YES;
				CLANG_WARN_BOOL_CONVERSION = YES;
				CLANG_WARN_COMMA = YES;
				CLANG_WARN_CONSTANT_CONVERSION = YES;
				CLANG_WARN_DEPRECATED_OBJC_IMPLEMENTATIONS = YES;
				CLANG_WARN_DIRECT_OBJC_ISA_USAGE = YES_ERROR;
				CLANG_WARN_DOCUMENTATION_COMMENTS = YES;
				CLANG_WARN_EMPTY_BODY = YES;
				CLANG_WARN_ENUM_CONVERSION = YES;
				CLANG_WARN_INFINITE_RECURSION = YES;
				CLANG_WARN_INT_CONVERSION = YES;
				CLANG_WARN_NON_LITERAL_NULL_CONVERSION = YES;
				CLANG_WARN_OBJC_IMPLICIT_RETAIN_SELF = YES;
				CLANG_WARN_OBJC_LITERAL_CONVERSION = YES;
				CLANG_WARN_OBJC_ROOT_CLASS = YES_ERROR;
				CLANG_WARN_QUOTED_INCLUDE_IN_FRAMEWORK_HEADER = YES;
				CLANG_WARN_RANGE_LOOP_ANALYSIS = YES;
				CLANG_WARN_STRICT_PROTOTYPES = YES;
				CLANG_WARN_SUSPICIOUS_MOVE = YES;
				CLANG_WARN_UNGUARDED_AVAILABILITY = YES_AGGRESSIVE;
				CLANG_WARN_UNREACHABLE_CODE = YES;
				CLANG_WARN__DUPLICATE_METHOD_MATCH = YES;
				COPY_PHASE_STRIP = NO;
				DEBUG_INFORMATION_FORMAT = "dwarf-with-dsym";
				ENABLE_NS_ASSERTIONS = NO;
				ENABLE_STRICT_OBJC_MSGSEND = YES;
				GCC_C_LANGUAGE_STANDARD = gnu11;
				GCC_NO_COMMON_BLOCKS = YES;
				GCC_WARN_64_TO_32_BIT_CONVERSION = YES;
				GCC_WARN_ABOUT_RETURN_TYPE = YES_ERROR;
				GCC_WARN_UNDECLARED_SELECTOR = YES;
				GCC_WARN_UNINITIALIZED_AUTOS = YES_AGGRESSIVE;
				GCC_WARN_UNUSED_FUNCTION = YES;
				GCC_WARN_UNUSED_VARIABLE = YES;
				IPHONEOS_DEPLOYMENT_TARGET = 16.2;
				MTL_ENABLE_DEBUG_INFO = NO;
				MTL_FAST_MATH = YES;
				SDKROOT = iphoneos;
				SWIFT_COMPILATION_MODE = wholemodule;
				SWIFT_OPTIMIZATION_LEVEL = "-O";
				VALIDATE_PRODUCT = YES;
			};
			name = Release;
		};
		9B10FC132A9F4856009CE54C /* Debug */ = {
			isa = XCBuildConfiguration;
			buildSettings = {
				ASSETCATALOG_COMPILER_APPICON_NAME = AppIcon;
				ASSETCATALOG_COMPILER_GLOBAL_ACCENT_COLOR_NAME = AccentColor;
				CODE_SIGN_STYLE = Automatic;
				CURRENT_PROJECT_VERSION = 1;
				DEVELOPMENT_ASSET_PATHS = "\"TwStockTools/Preview Content\"";
				DEVELOPMENT_TEAM = PJPD95M4QP;
				ENABLE_PREVIEWS = YES;
				GENERATE_INFOPLIST_FILE = YES;
				INFOPLIST_FILE = TwStockTools/Info.plist;
				INFOPLIST_KEY_UIApplicationSupportsIndirectInputEvents = YES;
				INFOPLIST_KEY_UILaunchScreen_Generation = YES;
				INFOPLIST_KEY_UISupportedInterfaceOrientations_iPad = "UIInterfaceOrientationPortrait UIInterfaceOrientationPortraitUpsideDown UIInterfaceOrientationLandscapeLeft UIInterfaceOrientationLandscapeRight";
				INFOPLIST_KEY_UISupportedInterfaceOrientations_iPhone = "UIInterfaceOrientationPortrait UIInterfaceOrientationLandscapeLeft UIInterfaceOrientationLandscapeRight";
				LD_RUNPATH_SEARCH_PATHS = (
					"$(inherited)",
					"@executable_path/Frameworks",
				);
				MARKETING_VERSION = 1.0;
				PRODUCT_BUNDLE_IDENTIFIER = io.marvin.TwStockTools;
				PRODUCT_NAME = "$(TARGET_NAME)";
				SWIFT_EMIT_LOC_STRINGS = YES;
				SWIFT_VERSION = 5.0;
				TARGETED_DEVICE_FAMILY = "1,2";
			};
			name = Debug;
		};
		9B10FC142A9F4856009CE54C /* Release */ = {
			isa = XCBuildConfiguration;
			buildSettings = {
				ASSETCATALOG_COMPILER_APPICON_NAME = AppIcon;
				ASSETCATALOG_COMPILER_GLOBAL_ACCENT_COLOR_NAME = AccentColor;
				CODE_SIGN_STYLE = Automatic;
				CURRENT_PROJECT_VERSION = 1;
				DEVELOPMENT_ASSET_PATHS = "\"TwStockTools/Preview Content\"";
				DEVELOPMENT_TEAM = PJPD95M4QP;
				ENABLE_PREVIEWS = YES;
				GENERATE_INFOPLIST_FILE = YES;
				INFOPLIST_FILE = TwStockTools/Info.plist;
				INFOPLIST_KEY_UIApplicationSupportsIndirectInputEvents = YES;
				INFOPLIST_KEY_UILaunchScreen_Generation = YES;
				INFOPLIST_KEY_UISupportedInterfaceOrientations_iPad = "UIInterfaceOrientationPortrait UIInterfaceOrientationPortraitUpsideDown UIInterfaceOrientationLandscapeLeft UIInterfaceOrientationLandscapeRight";
				INFOPLIST_KEY_UISupportedInterfaceOrientations_iPhone = "UIInterfaceOrientationPortrait UIInterfaceOrientationLandscapeLeft UIInterfaceOrientationLandscapeRight";
				LD_RUNPATH_SEARCH_PATHS = (
					"$(inherited)",
					"@executable_path/Frameworks",
				);
				MARKETING_VERSION = 1.0;
				PRODUCT_BUNDLE_IDENTIFIER = io.marvin.TwStockTools;
				PRODUCT_NAME = "$(TARGET_NAME)";
				SWIFT_EMIT_LOC_STRINGS = YES;
				SWIFT_VERSION = 5.0;
				TARGETED_DEVICE_FAMILY = "1,2";
			};
			name = Release;
		};
		9B10FC162A9F4856009CE54C /* Debug */ = {
			isa = XCBuildConfiguration;
			buildSettings = {
				ALWAYS_EMBED_SWIFT_STANDARD_LIBRARIES = YES;
				BUNDLE_LOADER = "$(TEST_HOST)";
				CODE_SIGN_STYLE = Automatic;
				CURRENT_PROJECT_VERSION = 1;
				DEVELOPMENT_TEAM = PJPD95M4QP;
				GENERATE_INFOPLIST_FILE = YES;
				IPHONEOS_DEPLOYMENT_TARGET = 16.2;
				MARKETING_VERSION = 1.0;
				PRODUCT_BUNDLE_IDENTIFIER = io.marvin.TwStockToolsTests;
				PRODUCT_NAME = "$(TARGET_NAME)";
				SWIFT_EMIT_LOC_STRINGS = NO;
				SWIFT_VERSION = 5.0;
				TARGETED_DEVICE_FAMILY = "1,2";
				TEST_HOST = "$(BUILT_PRODUCTS_DIR)/TwStockTools.app/$(BUNDLE_EXECUTABLE_FOLDER_PATH)/TwStockTools";
			};
			name = Debug;
		};
		9B10FC172A9F4856009CE54C /* Release */ = {
			isa = XCBuildConfiguration;
			buildSettings = {
				ALWAYS_EMBED_SWIFT_STANDARD_LIBRARIES = YES;
				BUNDLE_LOADER = "$(TEST_HOST)";
				CODE_SIGN_STYLE = Automatic;
				CURRENT_PROJECT_VERSION = 1;
				DEVELOPMENT_TEAM = PJPD95M4QP;
				GENERATE_INFOPLIST_FILE = YES;
				IPHONEOS_DEPLOYMENT_TARGET = 16.2;
				MARKETING_VERSION = 1.0;
				PRODUCT_BUNDLE_IDENTIFIER = io.marvin.TwStockToolsTests;
				PRODUCT_NAME = "$(TARGET_NAME)";
				SWIFT_EMIT_LOC_STRINGS = NO;
				SWIFT_VERSION = 5.0;
				TARGETED_DEVICE_FAMILY = "1,2";
				TEST_HOST = "$(BUILT_PRODUCTS_DIR)/TwStockTools.app/$(BUNDLE_EXECUTABLE_FOLDER_PATH)/TwStockTools";
			};
			name = Release;
		};
/* End XCBuildConfiguration section */

/* Begin XCConfigurationList section */
		9B0F59482ACC4C910075C452 /* Build configuration list for PBXNativeTarget "LaunchProj" */ = {
			isa = XCConfigurationList;
			buildConfigurations = (
				9B0F59492ACC4C910075C452 /* Debug */,
				9B0F594A2ACC4C910075C452 /* Release */,
			);
			defaultConfigurationIsVisible = 0;
			defaultConfigurationName = Release;
		};
		9B0F594B2ACC4C910075C452 /* Build configuration list for PBXNativeTarget "LaunchProjTests" */ = {
			isa = XCConfigurationList;
			buildConfigurations = (
				9B0F594C2ACC4C910075C452 /* Debug */,
				9B0F594D2ACC4C910075C452 /* Release */,
			);
			defaultConfigurationIsVisible = 0;
			defaultConfigurationName = Release;
		};
		9B0F594E2ACC4C910075C452 /* Build configuration list for PBXNativeTarget "LaunchProjUITests" */ = {
			isa = XCConfigurationList;
			buildConfigurations = (
				9B0F594F2ACC4C910075C452 /* Debug */,
				9B0F59502ACC4C910075C452 /* Release */,
			);
			defaultConfigurationIsVisible = 0;
			defaultConfigurationName = Release;
		};
		9B10FBE92A9F4854009CE54C /* Build configuration list for PBXProject "TwStockTools" */ = {
			isa = XCConfigurationList;
			buildConfigurations = (
				9B10FC102A9F4856009CE54C /* Debug */,
				9B10FC112A9F4856009CE54C /* Release */,
			);
			defaultConfigurationIsVisible = 0;
			defaultConfigurationName = Release;
		};
		9B10FC122A9F4856009CE54C /* Build configuration list for PBXNativeTarget "TwStockTools" */ = {
			isa = XCConfigurationList;
			buildConfigurations = (
				9B10FC132A9F4856009CE54C /* Debug */,
				9B10FC142A9F4856009CE54C /* Release */,
			);
			defaultConfigurationIsVisible = 0;
			defaultConfigurationName = Release;
		};
		9B10FC152A9F4856009CE54C /* Build configuration list for PBXNativeTarget "TwStockToolsTests" */ = {
			isa = XCConfigurationList;
			buildConfigurations = (
				9B10FC162A9F4856009CE54C /* Debug */,
				9B10FC172A9F4856009CE54C /* Release */,
			);
			defaultConfigurationIsVisible = 0;
			defaultConfigurationName = Release;
		};
/* End XCConfigurationList section */

/* Begin XCRemoteSwiftPackageReference section */
		9BFE62932AB9DCBA00F4F7BC /* XCRemoteSwiftPackageReference "SnapKit" */ = {
			isa = XCRemoteSwiftPackageReference;
			repositoryURL = "https://github.com/SnapKit/SnapKit.git";
			requirement = {
				kind = upToNextMajorVersion;
				minimumVersion = 5.0.0;
			};
		};
/* End XCRemoteSwiftPackageReference section */

/* Begin XCSwiftPackageProductDependency section */
		9BFE62942AB9DCBA00F4F7BC /* SnapKit */ = {
			isa = XCSwiftPackageProductDependency;
			package = 9BFE62932AB9DCBA00F4F7BC /* XCRemoteSwiftPackageReference "SnapKit" */;
			productName = SnapKit;
		};
/* End XCSwiftPackageProductDependency section */
	};
	rootObject = 9B10FBE62A9F4854009CE54C /* Project object */;
}
