// !$*UTF8*$!
{
	archiveVersion = 1;
	classes = {
	};
	objectVersion = 56;
	objects = {

/* Begin PBXBuildFile section */
		9B10FBF22A9F4854009CE54C /* TwStockToolsApp.swift in Sources */ = {isa = PBXBuildFile; fileRef = 9B10FBF12A9F4854009CE54C /* TwStockToolsApp.swift */; };
		9B10FBF42A9F4854009CE54C /* ContentView.swift in Sources */ = {isa = PBXBuildFile; fileRef = 9B10FBF32A9F4854009CE54C /* ContentView.swift */; };
		9B10FBF62A9F4856009CE54C /* Assets.xcassets in Resources */ = {isa = PBXBuildFile; fileRef = 9B10FBF52A9F4856009CE54C /* Assets.xcassets */; };
		9B10FBF92A9F4856009CE54C /* Preview Assets.xcassets in Resources */ = {isa = PBXBuildFile; fileRef = 9B10FBF82A9F4856009CE54C /* Preview Assets.xcassets */; };
		9B10FC032A9F4856009CE54C /* TwStockToolsTests.swift in Sources */ = {isa = PBXBuildFile; fileRef = 9B10FC022A9F4856009CE54C /* TwStockToolsTests.swift */; };
		9B10FC1F2A9F49E4009CE54C /* StockTradingInputViewInputView.swift in Sources */ = {isa = PBXBuildFile; fileRef = 9B10FC1E2A9F49E4009CE54C /* StockTradingInputViewInputView.swift */; };
		9B10FC222A9F4A4B009CE54C /* StockTradingRecord.swift in Sources */ = {isa = PBXBuildFile; fileRef = 9B10FC212A9F4A4B009CE54C /* StockTradingRecord.swift */; };
		9B10FC242AA1B7ED009CE54C /* StockTradingRecordTests.swift in Sources */ = {isa = PBXBuildFile; fileRef = 9B10FC232AA1B7EC009CE54C /* StockTradingRecordTests.swift */; };
		9BFE624A2AA4BB4B00F4F7BC /* StockRecordUtility.swift in Sources */ = {isa = PBXBuildFile; fileRef = 9BFE62492AA4BB4B00F4F7BC /* StockRecordUtility.swift */; };
		9BFE624C2AA4DFDD00F4F7BC /* StockRecordUtilityTests.swift in Sources */ = {isa = PBXBuildFile; fileRef = 9BFE624B2AA4DFDD00F4F7BC /* StockRecordUtilityTests.swift */; };
		9BFE624E2AA571CF00F4F7BC /* TradingSide.swift in Sources */ = {isa = PBXBuildFile; fileRef = 9BFE624D2AA571CF00F4F7BC /* TradingSide.swift */; };
		9BFE62502AA784A400F4F7BC /* DateUtility.swift in Sources */ = {isa = PBXBuildFile; fileRef = 9BFE624F2AA784A400F4F7BC /* DateUtility.swift */; };
		9BFE62522AA784AE00F4F7BC /* DateUtilityTests.swift in Sources */ = {isa = PBXBuildFile; fileRef = 9BFE62512AA784AE00F4F7BC /* DateUtilityTests.swift */; };
		9BFE625D2AA9985300F4F7BC /* StockTradingRecordStore.swift in Sources */ = {isa = PBXBuildFile; fileRef = 9BFE625C2AA9985300F4F7BC /* StockTradingRecordStore.swift */; };
		9BFE625F2AA99A0C00F4F7BC /* StockTradingRecordStoreTests.swift in Sources */ = {isa = PBXBuildFile; fileRef = 9BFE625E2AA99A0C00F4F7BC /* StockTradingRecordStoreTests.swift */; };
		9BFE62712AAA272000F4F7BC /* TradingRecordListView.swift in Sources */ = {isa = PBXBuildFile; fileRef = 9BFE62702AAA272000F4F7BC /* TradingRecordListView.swift */; };
		9BFE62742AAE216600F4F7BC /* EmptyRecordView.swift in Sources */ = {isa = PBXBuildFile; fileRef = 9BFE62732AAE216600F4F7BC /* EmptyRecordView.swift */; };
		9BFE62922AB9DC4100F4F7BC /* TapCounterViewController.swift in Sources */ = {isa = PBXBuildFile; fileRef = 9BFE62912AB9DC4100F4F7BC /* TapCounterViewController.swift */; };
		9BFE62952AB9DCBA00F4F7BC /* SnapKit in Frameworks */ = {isa = PBXBuildFile; productRef = 9BFE62942AB9DCBA00F4F7BC /* SnapKit */; };
		9BFE62972AB9DCEF00F4F7BC /* TapCounterView.swift in Sources */ = {isa = PBXBuildFile; fileRef = 9BFE62962AB9DCEF00F4F7BC /* TapCounterView.swift */; };
/* End PBXBuildFile section */

/* Begin PBXContainerItemProxy section */
		9B10FBFF2A9F4856009CE54C /* PBXContainerItemProxy */ = {
			isa = PBXContainerItemProxy;
			containerPortal = 9B10FBE62A9F4854009CE54C /* Project object */;
			proxyType = 1;
			remoteGlobalIDString = 9B10FBED2A9F4854009CE54C;
			remoteInfo = TwStockTools;
		};
/* End PBXContainerItemProxy section */

/* Begin PBXFileReference section */
		9B10FBEE2A9F4854009CE54C /* TwStockTools.app */ = {isa = PBXFileReference; explicitFileType = wrapper.application; includeInIndex = 0; path = TwStockTools.app; sourceTree = BUILT_PRODUCTS_DIR; };
		9B10FBF12A9F4854009CE54C /* TwStockToolsApp.swift */ = {isa = PBXFileReference; lastKnownFileType = sourcecode.swift; path = TwStockToolsApp.swift; sourceTree = "<group>"; };
		9B10FBF32A9F4854009CE54C /* ContentView.swift */ = {isa = PBXFileReference; lastKnownFileType = sourcecode.swift; path = ContentView.swift; sourceTree = "<group>"; };
		9B10FBF52A9F4856009CE54C /* Assets.xcassets */ = {isa = PBXFileReference; lastKnownFileType = folder.assetcatalog; path = Assets.xcassets; sourceTree = "<group>"; };
		9B10FBF82A9F4856009CE54C /* Preview Assets.xcassets */ = {isa = PBXFileReference; lastKnownFileType = folder.assetcatalog; path = "Preview Assets.xcassets"; sourceTree = "<group>"; };
		9B10FBFE2A9F4856009CE54C /* TwStockToolsTests.xctest */ = {isa = PBXFileReference; explicitFileType = wrapper.cfbundle; includeInIndex = 0; path = TwStockToolsTests.xctest; sourceTree = BUILT_PRODUCTS_DIR; };
		9B10FC022A9F4856009CE54C /* TwStockToolsTests.swift */ = {isa = PBXFileReference; lastKnownFileType = sourcecode.swift; path = TwStockToolsTests.swift; sourceTree = "<group>"; };
		9B10FC1E2A9F49E4009CE54C /* StockTradingInputViewInputView.swift */ = {isa = PBXFileReference; lastKnownFileType = sourcecode.swift; path = StockTradingInputViewInputView.swift; sourceTree = "<group>"; };
		9B10FC212A9F4A4B009CE54C /* StockTradingRecord.swift */ = {isa = PBXFileReference; lastKnownFileType = sourcecode.swift; path = StockTradingRecord.swift; sourceTree = "<group>"; };
		9B10FC232AA1B7EC009CE54C /* StockTradingRecordTests.swift */ = {isa = PBXFileReference; lastKnownFileType = sourcecode.swift; path = StockTradingRecordTests.swift; sourceTree = "<group>"; };
		9BFE62492AA4BB4B00F4F7BC /* StockRecordUtility.swift */ = {isa = PBXFileReference; lastKnownFileType = sourcecode.swift; path = StockRecordUtility.swift; sourceTree = "<group>"; };
		9BFE624B2AA4DFDD00F4F7BC /* StockRecordUtilityTests.swift */ = {isa = PBXFileReference; lastKnownFileType = sourcecode.swift; path = StockRecordUtilityTests.swift; sourceTree = "<group>"; };
		9BFE624D2AA571CF00F4F7BC /* TradingSide.swift */ = {isa = PBXFileReference; lastKnownFileType = sourcecode.swift; path = TradingSide.swift; sourceTree = "<group>"; };
		9BFE624F2AA784A400F4F7BC /* DateUtility.swift */ = {isa = PBXFileReference; lastKnownFileType = sourcecode.swift; path = DateUtility.swift; sourceTree = "<group>"; };
		9BFE62512AA784AE00F4F7BC /* DateUtilityTests.swift */ = {isa = PBXFileReference; lastKnownFileType = sourcecode.swift; path = DateUtilityTests.swift; sourceTree = "<group>"; };
		9BFE625C2AA9985300F4F7BC /* StockTradingRecordStore.swift */ = {isa = PBXFileReference; lastKnownFileType = sourcecode.swift; path = StockTradingRecordStore.swift; sourceTree = "<group>"; };
		9BFE625E2AA99A0C00F4F7BC /* StockTradingRecordStoreTests.swift */ = {isa = PBXFileReference; lastKnownFileType = sourcecode.swift; path = StockTradingRecordStoreTests.swift; sourceTree = "<group>"; };
		9BFE62702AAA272000F4F7BC /* TradingRecordListView.swift */ = {isa = PBXFileReference; lastKnownFileType = sourcecode.swift; path = TradingRecordListView.swift; sourceTree = "<group>"; };
		9BFE62722AAA2B0700F4F7BC /* Info.plist */ = {isa = PBXFileReference; lastKnownFileType = text.plist; path = Info.plist; sourceTree = "<group>"; };
		9BFE62732AAE216600F4F7BC /* EmptyRecordView.swift */ = {isa = PBXFileReference; lastKnownFileType = sourcecode.swift; path = EmptyRecordView.swift; sourceTree = "<group>"; };
		9BFE62912AB9DC4100F4F7BC /* TapCounterViewController.swift */ = {isa = PBXFileReference; lastKnownFileType = sourcecode.swift; path = TapCounterViewController.swift; sourceTree = "<group>"; };
		9BFE62962AB9DCEF00F4F7BC /* TapCounterView.swift */ = {isa = PBXFileReference; lastKnownFileType = sourcecode.swift; path = TapCounterView.swift; sourceTree = "<group>"; };
/* End PBXFileReference section */

/* Begin PBXFrameworksBuildPhase section */
		9B10FBEB2A9F4854009CE54C /* Frameworks */ = {
			isa = PBXFrameworksBuildPhase;
			buildActionMask = 2147483647;
			files = (
				9BFE62952AB9DCBA00F4F7BC /* SnapKit in Frameworks */,
			);
			runOnlyForDeploymentPostprocessing = 0;
		};
		9B10FBFB2A9F4856009CE54C /* Frameworks */ = {
			isa = PBXFrameworksBuildPhase;
			buildActionMask = 2147483647;
			files = (
			);
			runOnlyForDeploymentPostprocessing = 0;
		};
/* End PBXFrameworksBuildPhase section */

/* Begin PBXGroup section */
		9B10FBE52A9F4854009CE54C = {
			isa = PBXGroup;
			children = (
				9B10FBF02A9F4854009CE54C /* TwStockTools */,
				9B10FC012A9F4856009CE54C /* TwStockToolsTests */,
				9B10FBEF2A9F4854009CE54C /* Products */,
			);
			sourceTree = "<group>";
		};
		9B10FBEF2A9F4854009CE54C /* Products */ = {
			isa = PBXGroup;
			children = (
				9B10FBEE2A9F4854009CE54C /* TwStockTools.app */,
				9B10FBFE2A9F4856009CE54C /* TwStockToolsTests.xctest */,
			);
			name = Products;
			sourceTree = "<group>";
		};
		9B10FBF02A9F4854009CE54C /* TwStockTools */ = {
			isa = PBXGroup;
			children = (
				9BFE62722AAA2B0700F4F7BC /* Info.plist */,
				9B10FBF12A9F4854009CE54C /* TwStockToolsApp.swift */,
				9BFE628E2AB9DC2300F4F7BC /* ViewControllers */,
				9BFE62482AA4BB3400F4F7BC /* Utilities */,
				9B10FC202A9F4A2F009CE54C /* Models */,
				9B10FC1D2A9F49CF009CE54C /* Views */,
				9B10FBF52A9F4856009CE54C /* Assets.xcassets */,
				9B10FBF72A9F4856009CE54C /* Preview Content */,
			);
			path = TwStockTools;
			sourceTree = "<group>";
		};
		9B10FBF72A9F4856009CE54C /* Preview Content */ = {
			isa = PBXGroup;
			children = (
				9B10FBF82A9F4856009CE54C /* Preview Assets.xcassets */,
			);
			path = "Preview Content";
			sourceTree = "<group>";
		};
		9B10FC012A9F4856009CE54C /* TwStockToolsTests */ = {
			isa = PBXGroup;
			children = (
				9BFE625E2AA99A0C00F4F7BC /* StockTradingRecordStoreTests.swift */,
				9BFE62512AA784AE00F4F7BC /* DateUtilityTests.swift */,
				9BFE624B2AA4DFDD00F4F7BC /* StockRecordUtilityTests.swift */,
				9B10FC232AA1B7EC009CE54C /* StockTradingRecordTests.swift */,
				9B10FC022A9F4856009CE54C /* TwStockToolsTests.swift */,
			);
			path = TwStockToolsTests;
			sourceTree = "<group>";
		};
		9B10FC1D2A9F49CF009CE54C /* Views */ = {
			isa = PBXGroup;
			children = (
				9B10FBF32A9F4854009CE54C /* ContentView.swift */,
				9BFE62702AAA272000F4F7BC /* TradingRecordListView.swift */,
				9B10FC1E2A9F49E4009CE54C /* StockTradingInputViewInputView.swift */,
				9BFE62732AAE216600F4F7BC /* EmptyRecordView.swift */,
				9BFE62962AB9DCEF00F4F7BC /* TapCounterView.swift */,
			);
			path = Views;
			sourceTree = "<group>";
		};
		9B10FC202A9F4A2F009CE54C /* Models */ = {
			isa = PBXGroup;
			children = (
				9B10FC212A9F4A4B009CE54C /* StockTradingRecord.swift */,
				9BFE624D2AA571CF00F4F7BC /* TradingSide.swift */,
				9BFE625C2AA9985300F4F7BC /* StockTradingRecordStore.swift */,
			);
			path = Models;
			sourceTree = "<group>";
		};
		9BFE62482AA4BB3400F4F7BC /* Utilities */ = {
			isa = PBXGroup;
			children = (
				9BFE62492AA4BB4B00F4F7BC /* StockRecordUtility.swift */,
				9BFE624F2AA784A400F4F7BC /* DateUtility.swift */,
			);
			path = Utilities;
			sourceTree = "<group>";
		};
		9BFE628E2AB9DC2300F4F7BC /* ViewControllers */ = {
			isa = PBXGroup;
			children = (
				9BFE62912AB9DC4100F4F7BC /* TapCounterViewController.swift */,
			);
			path = ViewControllers;
			sourceTree = "<group>";
		};
/* End PBXGroup section */

/* Begin PBXNativeTarget section */
		9B10FBED2A9F4854009CE54C /* TwStockTools */ = {
			isa = PBXNativeTarget;
			buildConfigurationList = 9B10FC122A9F4856009CE54C /* Build configuration list for PBXNativeTarget "TwStockTools" */;
			buildPhases = (
				9B10FBEA2A9F4854009CE54C /* Sources */,
				9B10FBEB2A9F4854009CE54C /* Frameworks */,
				9B10FBEC2A9F4854009CE54C /* Resources */,
			);
			buildRules = (
			);
			dependencies = (
			);
			name = TwStockTools;
			packageProductDependencies = (
				9BFE62942AB9DCBA00F4F7BC /* SnapKit */,
			);
			productName = TwStockTools;
			productReference = 9B10FBEE2A9F4854009CE54C /* TwStockTools.app */;
			productType = "com.apple.product-type.application";
		};
		9B10FBFD2A9F4856009CE54C /* TwStockToolsTests */ = {
			isa = PBXNativeTarget;
			buildConfigurationList = 9B10FC152A9F4856009CE54C /* Build configuration list for PBXNativeTarget "TwStockToolsTests" */;
			buildPhases = (
				9B10FBFA2A9F4856009CE54C /* Sources */,
				9B10FBFB2A9F4856009CE54C /* Frameworks */,
				9B10FBFC2A9F4856009CE54C /* Resources */,
			);
			buildRules = (
			);
			dependencies = (
				9B10FC002A9F4856009CE54C /* PBXTargetDependency */,
			);
			name = TwStockToolsTests;
			productName = TwStockToolsTests;
			productReference = 9B10FBFE2A9F4856009CE54C /* TwStockToolsTests.xctest */;
			productType = "com.apple.product-type.bundle.unit-test";
		};
/* End PBXNativeTarget section */

/* Begin PBXProject section */
		9B10FBE62A9F4854009CE54C /* Project object */ = {
			isa = PBXProject;
			attributes = {
				BuildIndependentTargetsInParallel = 1;
				LastSwiftUpdateCheck = 1420;
				LastUpgradeCheck = 1420;
				TargetAttributes = {
					9B10FBED2A9F4854009CE54C = {
						CreatedOnToolsVersion = 14.2;
					};
					9B10FBFD2A9F4856009CE54C = {
						CreatedOnToolsVersion = 14.2;
						TestTargetID = 9B10FBED2A9F4854009CE54C;
					};
				};
			};
			buildConfigurationList = 9B10FBE92A9F4854009CE54C /* Build configuration list for PBXProject "TwStockTools" */;
			compatibilityVersion = "Xcode 14.0";
			developmentRegion = en;
			hasScannedForEncodings = 0;
			knownRegions = (
				en,
				Base,
			);
			mainGroup = 9B10FBE52A9F4854009CE54C;
			packageReferences = (
				9BFE62932AB9DCBA00F4F7BC /* XCRemoteSwiftPackageReference "SnapKit" */,
			);
			productRefGroup = 9B10FBEF2A9F4854009CE54C /* Products */;
			projectDirPath = "";
			projectRoot = "";
			targets = (
				9B10FBED2A9F4854009CE54C /* TwStockTools */,
				9B10FBFD2A9F4856009CE54C /* TwStockToolsTests */,
			);
		};
/* End PBXProject section */

/* Begin PBXResourcesBuildPhase section */
		9B10FBEC2A9F4854009CE54C /* Resources */ = {
			isa = PBXResourcesBuildPhase;
			buildActionMask = 2147483647;
			files = (
				9B10FBF92A9F4856009CE54C /* Preview Assets.xcassets in Resources */,
				9B10FBF62A9F4856009CE54C /* Assets.xcassets in Resources */,
			);
			runOnlyForDeploymentPostprocessing = 0;
		};
		9B10FBFC2A9F4856009CE54C /* Resources */ = {
			isa = PBXResourcesBuildPhase;
			buildActionMask = 2147483647;
			files = (
			);
			runOnlyForDeploymentPostprocessing = 0;
		};
/* End PBXResourcesBuildPhase section */

/* Begin PBXSourcesBuildPhase section */
		9B10FBEA2A9F4854009CE54C /* Sources */ = {
			isa = PBXSourcesBuildPhase;
			buildActionMask = 2147483647;
			files = (
				9B10FC1F2A9F49E4009CE54C /* StockTradingInputViewInputView.swift in Sources */,
				9BFE625D2AA9985300F4F7BC /* StockTradingRecordStore.swift in Sources */,
				9B10FBF42A9F4854009CE54C /* ContentView.swift in Sources */,
				9BFE62972AB9DCEF00F4F7BC /* TapCounterView.swift in Sources */,
				9BFE62742AAE216600F4F7BC /* EmptyRecordView.swift in Sources */,
				9B10FC222A9F4A4B009CE54C /* StockTradingRecord.swift in Sources */,
				9BFE62502AA784A400F4F7BC /* DateUtility.swift in Sources */,
				9BFE624A2AA4BB4B00F4F7BC /* StockRecordUtility.swift in Sources */,
				9BFE624E2AA571CF00F4F7BC /* TradingSide.swift in Sources */,
				9BFE62922AB9DC4100F4F7BC /* TapCounterViewController.swift in Sources */,
				9B10FBF22A9F4854009CE54C /* TwStockToolsApp.swift in Sources */,
				9BFE62712AAA272000F4F7BC /* TradingRecordListView.swift in Sources */,
			);
			runOnlyForDeploymentPostprocessing = 0;
		};
		9B10FBFA2A9F4856009CE54C /* Sources */ = {
			isa = PBXSourcesBuildPhase;
			buildActionMask = 2147483647;
			files = (
				9B10FC032A9F4856009CE54C /* TwStockToolsTests.swift in Sources */,
				9BFE625F2AA99A0C00F4F7BC /* StockTradingRecordStoreTests.swift in Sources */,
				9BFE624C2AA4DFDD00F4F7BC /* StockRecordUtilityTests.swift in Sources */,
				9BFE62522AA784AE00F4F7BC /* DateUtilityTests.swift in Sources */,
				9B10FC242AA1B7ED009CE54C /* StockTradingRecordTests.swift in Sources */,
			);
			runOnlyForDeploymentPostprocessing = 0;
		};
/* End PBXSourcesBuildPhase section */

/* Begin PBXTargetDependency section */
		9B10FC002A9F4856009CE54C /* PBXTargetDependency */ = {
			isa = PBXTargetDependency;
			target = 9B10FBED2A9F4854009CE54C /* TwStockTools */;
			targetProxy = 9B10FBFF2A9F4856009CE54C /* PBXContainerItemProxy */;
		};
/* End PBXTargetDependency section */

/* Begin XCBuildConfiguration section */
		9B10FC102A9F4856009CE54C /* Debug */ = {
			isa = XCBuildConfiguration;
			buildSettings = {
				ALWAYS_SEARCH_USER_PATHS = NO;
				CLANG_ANALYZER_NONNULL = YES;
				CLANG_ANALYZER_NUMBER_OBJECT_CONVERSION = YES_AGGRESSIVE;
				CLANG_CXX_LANGUAGE_STANDARD = "gnu++20";
				CLANG_ENABLE_MODULES = YES;
				CLANG_ENABLE_OBJC_ARC = YES;
				CLANG_ENABLE_OBJC_WEAK = YES;
				CLANG_WARN_BLOCK_CAPTURE_AUTORELEASING = YES;
				CLANG_WARN_BOOL_CONVERSION = YES;
				CLANG_WARN_COMMA = YES;
				CLANG_WARN_CONSTANT_CONVERSION = YES;
				CLANG_WARN_DEPRECATED_OBJC_IMPLEMENTATIONS = YES;
				CLANG_WARN_DIRECT_OBJC_ISA_USAGE = YES_ERROR;
				CLANG_WARN_DOCUMENTATION_COMMENTS = YES;
				CLANG_WARN_EMPTY_BODY = YES;
				CLANG_WARN_ENUM_CONVERSION = YES;
				CLANG_WARN_INFINITE_RECURSION = YES;
				CLANG_WARN_INT_CONVERSION = YES;
				CLANG_WARN_NON_LITERAL_NULL_CONVERSION = YES;
				CLANG_WARN_OBJC_IMPLICIT_RETAIN_SELF = YES;
				CLANG_WARN_OBJC_LITERAL_CONVERSION = YES;
				CLANG_WARN_OBJC_ROOT_CLASS = YES_ERROR;
				CLANG_WARN_QUOTED_INCLUDE_IN_FRAMEWORK_HEADER = YES;
				CLANG_WARN_RANGE_LOOP_ANALYSIS = YES;
				CLANG_WARN_STRICT_PROTOTYPES = YES;
				CLANG_WARN_SUSPICIOUS_MOVE = YES;
				CLANG_WARN_UNGUARDED_AVAILABILITY = YES_AGGRESSIVE;
				CLANG_WARN_UNREACHABLE_CODE = YES;
				CLANG_WARN__DUPLICATE_METHOD_MATCH = YES;
				COPY_PHASE_STRIP = NO;
				DEBUG_INFORMATION_FORMAT = dwarf;
				ENABLE_STRICT_OBJC_MSGSEND = YES;
				ENABLE_TESTABILITY = YES;
				GCC_C_LANGUAGE_STANDARD = gnu11;
				GCC_DYNAMIC_NO_PIC = NO;
				GCC_NO_COMMON_BLOCKS = YES;
				GCC_OPTIMIZATION_LEVEL = 0;
				GCC_PREPROCESSOR_DEFINITIONS = (
					"DEBUG=1",
					"$(inherited)",
				);
				GCC_WARN_64_TO_32_BIT_CONVERSION = YES;
				GCC_WARN_ABOUT_RETURN_TYPE = YES_ERROR;
				GCC_WARN_UNDECLARED_SELECTOR = YES;
				GCC_WARN_UNINITIALIZED_AUTOS = YES_AGGRESSIVE;
				GCC_WARN_UNUSED_FUNCTION = YES;
				GCC_WARN_UNUSED_VARIABLE = YES;
				IPHONEOS_DEPLOYMENT_TARGET = 16.2;
				MTL_ENABLE_DEBUG_INFO = INCLUDE_SOURCE;
				MTL_FAST_MATH = YES;
				ONLY_ACTIVE_ARCH = YES;
				SDKROOT = iphoneos;
				SWIFT_ACTIVE_COMPILATION_CONDITIONS = DEBUG;
				SWIFT_OPTIMIZATION_LEVEL = "-Onone";
			};
			name = Debug;
		};
		9B10FC112A9F4856009CE54C /* Release */ = {
			isa = XCBuildConfiguration;
			buildSettings = {
				ALWAYS_SEARCH_USER_PATHS = NO;
				CLANG_ANALYZER_NONNULL = YES;
				CLANG_ANALYZER_NUMBER_OBJECT_CONVERSION = YES_AGGRESSIVE;
				CLANG_CXX_LANGUAGE_STANDARD = "gnu++20";
				CLANG_ENABLE_MODULES = YES;
				CLANG_ENABLE_OBJC_ARC = YES;
				CLANG_ENABLE_OBJC_WEAK = YES;
				CLANG_WARN_BLOCK_CAPTURE_AUTORELEASING = YES;
				CLANG_WARN_BOOL_CONVERSION = YES;
				CLANG_WARN_COMMA = YES;
				CLANG_WARN_CONSTANT_CONVERSION = YES;
				CLANG_WARN_DEPRECATED_OBJC_IMPLEMENTATIONS = YES;
				CLANG_WARN_DIRECT_OBJC_ISA_USAGE = YES_ERROR;
				CLANG_WARN_DOCUMENTATION_COMMENTS = YES;
				CLANG_WARN_EMPTY_BODY = YES;
				CLANG_WARN_ENUM_CONVERSION = YES;
				CLANG_WARN_INFINITE_RECURSION = YES;
				CLANG_WARN_INT_CONVERSION = YES;
				CLANG_WARN_NON_LITERAL_NULL_CONVERSION = YES;
				CLANG_WARN_OBJC_IMPLICIT_RETAIN_SELF = YES;
				CLANG_WARN_OBJC_LITERAL_CONVERSION = YES;
				CLANG_WARN_OBJC_ROOT_CLASS = YES_ERROR;
				CLANG_WARN_QUOTED_INCLUDE_IN_FRAMEWORK_HEADER = YES;
				CLANG_WARN_RANGE_LOOP_ANALYSIS = YES;
				CLANG_WARN_STRICT_PROTOTYPES = YES;
				CLANG_WARN_SUSPICIOUS_MOVE = YES;
				CLANG_WARN_UNGUARDED_AVAILABILITY = YES_AGGRESSIVE;
				CLANG_WARN_UNREACHABLE_CODE = YES;
				CLANG_WARN__DUPLICATE_METHOD_MATCH = YES;
				COPY_PHASE_STRIP = NO;
				DEBUG_INFORMATION_FORMAT = "dwarf-with-dsym";
				ENABLE_NS_ASSERTIONS = NO;
				ENABLE_STRICT_OBJC_MSGSEND = YES;
				GCC_C_LANGUAGE_STANDARD = gnu11;
				GCC_NO_COMMON_BLOCKS = YES;
				GCC_WARN_64_TO_32_BIT_CONVERSION = YES;
				GCC_WARN_ABOUT_RETURN_TYPE = YES_ERROR;
				GCC_WARN_UNDECLARED_SELECTOR = YES;
				GCC_WARN_UNINITIALIZED_AUTOS = YES_AGGRESSIVE;
				GCC_WARN_UNUSED_FUNCTION = YES;
				GCC_WARN_UNUSED_VARIABLE = YES;
				IPHONEOS_DEPLOYMENT_TARGET = 16.2;
				MTL_ENABLE_DEBUG_INFO = NO;
				MTL_FAST_MATH = YES;
				SDKROOT = iphoneos;
				SWIFT_COMPILATION_MODE = wholemodule;
				SWIFT_OPTIMIZATION_LEVEL = "-O";
				VALIDATE_PRODUCT = YES;
			};
			name = Release;
		};
		9B10FC132A9F4856009CE54C /* Debug */ = {
			isa = XCBuildConfiguration;
			buildSettings = {
				ASSETCATALOG_COMPILER_APPICON_NAME = AppIcon;
				ASSETCATALOG_COMPILER_GLOBAL_ACCENT_COLOR_NAME = AccentColor;
				CODE_SIGN_STYLE = Automatic;
				CURRENT_PROJECT_VERSION = 1;
				DEVELOPMENT_ASSET_PATHS = "\"TwStockTools/Preview Content\"";
				DEVELOPMENT_TEAM = PJPD95M4QP;
				ENABLE_PREVIEWS = YES;
				GENERATE_INFOPLIST_FILE = YES;
				INFOPLIST_FILE = TwStockTools/Info.plist;
				INFOPLIST_KEY_UIApplicationSupportsIndirectInputEvents = YES;
				INFOPLIST_KEY_UILaunchScreen_Generation = YES;
				INFOPLIST_KEY_UISupportedInterfaceOrientations_iPad = "UIInterfaceOrientationPortrait UIInterfaceOrientationPortraitUpsideDown UIInterfaceOrientationLandscapeLeft UIInterfaceOrientationLandscapeRight";
				INFOPLIST_KEY_UISupportedInterfaceOrientations_iPhone = "UIInterfaceOrientationPortrait UIInterfaceOrientationLandscapeLeft UIInterfaceOrientationLandscapeRight";
				LD_RUNPATH_SEARCH_PATHS = (
					"$(inherited)",
					"@executable_path/Frameworks",
				);
				MARKETING_VERSION = 1.0;
				PRODUCT_BUNDLE_IDENTIFIER = io.marvin.TwStockTools;
				PRODUCT_NAME = "$(TARGET_NAME)";
				SWIFT_EMIT_LOC_STRINGS = YES;
				SWIFT_VERSION = 5.0;
				TARGETED_DEVICE_FAMILY = "1,2";
			};
			name = Debug;
		};
		9B10FC142A9F4856009CE54C /* Release */ = {
			isa = XCBuildConfiguration;
			buildSettings = {
				ASSETCATALOG_COMPILER_APPICON_NAME = AppIcon;
				ASSETCATALOG_COMPILER_GLOBAL_ACCENT_COLOR_NAME = AccentColor;
				CODE_SIGN_STYLE = Automatic;
				CURRENT_PROJECT_VERSION = 1;
				DEVELOPMENT_ASSET_PATHS = "\"TwStockTools/Preview Content\"";
				DEVELOPMENT_TEAM = PJPD95M4QP;
				ENABLE_PREVIEWS = YES;
				GENERATE_INFOPLIST_FILE = YES;
				INFOPLIST_FILE = TwStockTools/Info.plist;
				INFOPLIST_KEY_UIApplicationSupportsIndirectInputEvents = YES;
				INFOPLIST_KEY_UILaunchScreen_Generation = YES;
				INFOPLIST_KEY_UISupportedInterfaceOrientations_iPad = "UIInterfaceOrientationPortrait UIInterfaceOrientationPortraitUpsideDown UIInterfaceOrientationLandscapeLeft UIInterfaceOrientationLandscapeRight";
				INFOPLIST_KEY_UISupportedInterfaceOrientations_iPhone = "UIInterfaceOrientationPortrait UIInterfaceOrientationLandscapeLeft UIInterfaceOrientationLandscapeRight";
				LD_RUNPATH_SEARCH_PATHS = (
					"$(inherited)",
					"@executable_path/Frameworks",
				);
				MARKETING_VERSION = 1.0;
				PRODUCT_BUNDLE_IDENTIFIER = io.marvin.TwStockTools;
				PRODUCT_NAME = "$(TARGET_NAME)";
				SWIFT_EMIT_LOC_STRINGS = YES;
				SWIFT_VERSION = 5.0;
				TARGETED_DEVICE_FAMILY = "1,2";
			};
			name = Release;
		};
		9B10FC162A9F4856009CE54C /* Debug */ = {
			isa = XCBuildConfiguration;
			buildSettings = {
				ALWAYS_EMBED_SWIFT_STANDARD_LIBRARIES = YES;
				BUNDLE_LOADER = "$(TEST_HOST)";
				CODE_SIGN_STYLE = Automatic;
				CURRENT_PROJECT_VERSION = 1;
				DEVELOPMENT_TEAM = PJPD95M4QP;
				GENERATE_INFOPLIST_FILE = YES;
				IPHONEOS_DEPLOYMENT_TARGET = 16.2;
				MARKETING_VERSION = 1.0;
				PRODUCT_BUNDLE_IDENTIFIER = io.marvin.TwStockToolsTests;
				PRODUCT_NAME = "$(TARGET_NAME)";
				SWIFT_EMIT_LOC_STRINGS = NO;
				SWIFT_VERSION = 5.0;
				TARGETED_DEVICE_FAMILY = "1,2";
				TEST_HOST = "$(BUILT_PRODUCTS_DIR)/TwStockTools.app/$(BUNDLE_EXECUTABLE_FOLDER_PATH)/TwStockTools";
			};
			name = Debug;
		};
		9B10FC172A9F4856009CE54C /* Release */ = {
			isa = XCBuildConfiguration;
			buildSettings = {
				ALWAYS_EMBED_SWIFT_STANDARD_LIBRARIES = YES;
				BUNDLE_LOADER = "$(TEST_HOST)";
				CODE_SIGN_STYLE = Automatic;
				CURRENT_PROJECT_VERSION = 1;
				DEVELOPMENT_TEAM = PJPD95M4QP;
				GENERATE_INFOPLIST_FILE = YES;
				IPHONEOS_DEPLOYMENT_TARGET = 16.2;
				MARKETING_VERSION = 1.0;
				PRODUCT_BUNDLE_IDENTIFIER = io.marvin.TwStockToolsTests;
				PRODUCT_NAME = "$(TARGET_NAME)";
				SWIFT_EMIT_LOC_STRINGS = NO;
				SWIFT_VERSION = 5.0;
				TARGETED_DEVICE_FAMILY = "1,2";
				TEST_HOST = "$(BUILT_PRODUCTS_DIR)/TwStockTools.app/$(BUNDLE_EXECUTABLE_FOLDER_PATH)/TwStockTools";
			};
			name = Release;
		};
/* End XCBuildConfiguration section */

/* Begin XCConfigurationList section */
		9B10FBE92A9F4854009CE54C /* Build configuration list for PBXProject "TwStockTools" */ = {
			isa = XCConfigurationList;
			buildConfigurations = (
				9B10FC102A9F4856009CE54C /* Debug */,
				9B10FC112A9F4856009CE54C /* Release */,
			);
			defaultConfigurationIsVisible = 0;
			defaultConfigurationName = Release;
		};
		9B10FC122A9F4856009CE54C /* Build configuration list for PBXNativeTarget "TwStockTools" */ = {
			isa = XCConfigurationList;
			buildConfigurations = (
				9B10FC132A9F4856009CE54C /* Debug */,
				9B10FC142A9F4856009CE54C /* Release */,
			);
			defaultConfigurationIsVisible = 0;
			defaultConfigurationName = Release;
		};
		9B10FC152A9F4856009CE54C /* Build configuration list for PBXNativeTarget "TwStockToolsTests" */ = {
			isa = XCConfigurationList;
			buildConfigurations = (
				9B10FC162A9F4856009CE54C /* Debug */,
				9B10FC172A9F4856009CE54C /* Release */,
			);
			defaultConfigurationIsVisible = 0;
			defaultConfigurationName = Release;
		};
/* End XCConfigurationList section */

/* Begin XCRemoteSwiftPackageReference section */
		9BFE62932AB9DCBA00F4F7BC /* XCRemoteSwiftPackageReference "SnapKit" */ = {
			isa = XCRemoteSwiftPackageReference;
			repositoryURL = "https://github.com/SnapKit/SnapKit.git";
			requirement = {
				kind = upToNextMajorVersion;
				minimumVersion = 5.0.0;
			};
		};
/* End XCRemoteSwiftPackageReference section */

/* Begin XCSwiftPackageProductDependency section */
		9BFE62942AB9DCBA00F4F7BC /* SnapKit */ = {
			isa = XCSwiftPackageProductDependency;
			package = 9BFE62932AB9DCBA00F4F7BC /* XCRemoteSwiftPackageReference "SnapKit" */;
			productName = SnapKit;
		};
/* End XCSwiftPackageProductDependency section */
	};
	rootObject = 9B10FBE62A9F4854009CE54C /* Project object */;
}
