// !$*UTF8*$!
{
	archiveVersion = 1;
	classes = {
	};
	objectVersion = 56;
	objects = {

/* Begin PBXBuildFile section */
		9B10FB952A8CCCC6009CE54C /* YouNeedTestingApp.swift in Sources */ = {isa = PBXBuildFile; fileRef = 9B10FB942A8CCCC6009CE54C /* YouNeedTestingApp.swift */; };
		9B10FB972A8CCCC6009CE54C /* ContentView.swift in Sources */ = {isa = PBXBuildFile; fileRef = 9B10FB962A8CCCC6009CE54C /* ContentView.swift */; };
		9B10FB992A8CCCC7009CE54C /* Assets.xcassets in Resources */ = {isa = PBXBuildFile; fileRef = 9B10FB982A8CCCC7009CE54C /* Assets.xcassets */; };
		9B10FB9C2A8CCCC7009CE54C /* Preview Assets.xcassets in Resources */ = {isa = PBXBuildFile; fileRef = 9B10FB9B2A8CCCC7009CE54C /* Preview Assets.xcassets */; };
		9B10FBA62A8CCCC7009CE54C /* YouNeedTestingTests.swift in Sources */ = {isa = PBXBuildFile; fileRef = 9B10FBA52A8CCCC7009CE54C /* YouNeedTestingTests.swift */; };
		9B10FBB02A8CCCC7009CE54C /* YouNeedTestingUITests.swift in Sources */ = {isa = PBXBuildFile; fileRef = 9B10FBAF2A8CCCC7009CE54C /* YouNeedTestingUITests.swift */; };
		9B10FBB22A8CCCC7009CE54C /* YouNeedTestingUITestsLaunchTests.swift in Sources */ = {isa = PBXBuildFile; fileRef = 9B10FBB12A8CCCC7009CE54C /* YouNeedTestingUITestsLaunchTests.swift */; };
/* End PBXBuildFile section */

/* Begin PBXContainerItemProxy section */
		9B10FBA22A8CCCC7009CE54C /* PBXContainerItemProxy */ = {
			isa = PBXContainerItemProxy;
			containerPortal = 9B10FB892A8CCCC6009CE54C /* Project object */;
			proxyType = 1;
			remoteGlobalIDString = 9B10FB902A8CCCC6009CE54C;
			remoteInfo = YouNeedTesting;
		};
		9B10FBAC2A8CCCC7009CE54C /* PBXContainerItemProxy */ = {
			isa = PBXContainerItemProxy;
			containerPortal = 9B10FB892A8CCCC6009CE54C /* Project object */;
			proxyType = 1;
			remoteGlobalIDString = 9B10FB902A8CCCC6009CE54C;
			remoteInfo = YouNeedTesting;
		};
/* End PBXContainerItemProxy section */

/* Begin PBXFileReference section */
		9B10FB912A8CCCC6009CE54C /* YouNeedTesting.app */ = {isa = PBXFileReference; explicitFileType = wrapper.application; includeInIndex = 0; path = YouNeedTesting.app; sourceTree = BUILT_PRODUCTS_DIR; };
		9B10FB942A8CCCC6009CE54C /* YouNeedTestingApp.swift */ = {isa = PBXFileReference; lastKnownFileType = sourcecode.swift; path = YouNeedTestingApp.swift; sourceTree = "<group>"; };
		9B10FB962A8CCCC6009CE54C /* ContentView.swift */ = {isa = PBXFileReference; lastKnownFileType = sourcecode.swift; path = ContentView.swift; sourceTree = "<group>"; };
		9B10FB982A8CCCC7009CE54C /* Assets.xcassets */ = {isa = PBXFileReference; lastKnownFileType = folder.assetcatalog; path = Assets.xcassets; sourceTree = "<group>"; };
		9B10FB9B2A8CCCC7009CE54C /* Preview Assets.xcassets */ = {isa = PBXFileReference; lastKnownFileType = folder.assetcatalog; path = "Preview Assets.xcassets"; sourceTree = "<group>"; };
		9B10FBA12A8CCCC7009CE54C /* YouNeedTestingTests.xctest */ = {isa = PBXFileReference; explicitFileType = wrapper.cfbundle; includeInIndex = 0; path = YouNeedTestingTests.xctest; sourceTree = BUILT_PRODUCTS_DIR; };
		9B10FBA52A8CCCC7009CE54C /* YouNeedTestingTests.swift */ = {isa = PBXFileReference; lastKnownFileType = sourcecode.swift; path = YouNeedTestingTests.swift; sourceTree = "<group>"; };
		9B10FBAB2A8CCCC7009CE54C /* YouNeedTestingUITests.xctest */ = {isa = PBXFileReference; explicitFileType = wrapper.cfbundle; includeInIndex = 0; path = YouNeedTestingUITests.xctest; sourceTree = BUILT_PRODUCTS_DIR; };
		9B10FBAF2A8CCCC7009CE54C /* YouNeedTestingUITests.swift */ = {isa = PBXFileReference; lastKnownFileType = sourcecode.swift; path = YouNeedTestingUITests.swift; sourceTree = "<group>"; };
		9B10FBB12A8CCCC7009CE54C /* YouNeedTestingUITestsLaunchTests.swift */ = {isa = PBXFileReference; lastKnownFileType = sourcecode.swift; path = YouNeedTestingUITestsLaunchTests.swift; sourceTree = "<group>"; };
/* End PBXFileReference section */

/* Begin PBXFrameworksBuildPhase section */
		9B10FB8E2A8CCCC6009CE54C /* Frameworks */ = {
			isa = PBXFrameworksBuildPhase;
			buildActionMask = 2147483647;
			files = (
			);
			runOnlyForDeploymentPostprocessing = 0;
		};
		9B10FB9E2A8CCCC7009CE54C /* Frameworks */ = {
			isa = PBXFrameworksBuildPhase;
			buildActionMask = 2147483647;
			files = (
			);
			runOnlyForDeploymentPostprocessing = 0;
		};
		9B10FBA82A8CCCC7009CE54C /* Frameworks */ = {
			isa = PBXFrameworksBuildPhase;
			buildActionMask = 2147483647;
			files = (
			);
			runOnlyForDeploymentPostprocessing = 0;
		};
/* End PBXFrameworksBuildPhase section */

/* Begin PBXGroup section */
		9B10FB882A8CCCC6009CE54C = {
			isa = PBXGroup;
			children = (
				9B10FB932A8CCCC6009CE54C /* YouNeedTesting */,
				9B10FBA42A8CCCC7009CE54C /* YouNeedTestingTests */,
				9B10FBAE2A8CCCC7009CE54C /* YouNeedTestingUITests */,
				9B10FB922A8CCCC6009CE54C /* Products */,
			);
			sourceTree = "<group>";
		};
		9B10FB922A8CCCC6009CE54C /* Products */ = {
			isa = PBXGroup;
			children = (
				9B10FB912A8CCCC6009CE54C /* YouNeedTesting.app */,
				9B10FBA12A8CCCC7009CE54C /* YouNeedTestingTests.xctest */,
				9B10FBAB2A8CCCC7009CE54C /* YouNeedTestingUITests.xctest */,
			);
			name = Products;
			sourceTree = "<group>";
		};
		9B10FB932A8CCCC6009CE54C /* YouNeedTesting */ = {
			isa = PBXGroup;
			children = (
				9B10FB942A8CCCC6009CE54C /* YouNeedTestingApp.swift */,
				9B10FB962A8CCCC6009CE54C /* ContentView.swift */,
				9B10FB982A8CCCC7009CE54C /* Assets.xcassets */,
				9B10FB9A2A8CCCC7009CE54C /* Preview Content */,
			);
			path = YouNeedTesting;
			sourceTree = "<group>";
		};
		9B10FB9A2A8CCCC7009CE54C /* Preview Content */ = {
			isa = PBXGroup;
			children = (
				9B10FB9B2A8CCCC7009CE54C /* Preview Assets.xcassets */,
			);
			path = "Preview Content";
			sourceTree = "<group>";
		};
		9B10FBA42A8CCCC7009CE54C /* YouNeedTestingTests */ = {
			isa = PBXGroup;
			children = (
				9B10FBA52A8CCCC7009CE54C /* YouNeedTestingTests.swift */,
			);
			path = YouNeedTestingTests;
			sourceTree = "<group>";
		};
		9B10FBAE2A8CCCC7009CE54C /* YouNeedTestingUITests */ = {
			isa = PBXGroup;
			children = (
				9B10FBAF2A8CCCC7009CE54C /* YouNeedTestingUITests.swift */,
				9B10FBB12A8CCCC7009CE54C /* YouNeedTestingUITestsLaunchTests.swift */,
			);
			path = YouNeedTestingUITests;
			sourceTree = "<group>";
		};
/* End PBXGroup section */

/* Begin PBXNativeTarget section */
		9B10FB902A8CCCC6009CE54C /* YouNeedTesting */ = {
			isa = PBXNativeTarget;
			buildConfigurationList = 9B10FBB52A8CCCC7009CE54C /* Build configuration list for PBXNativeTarget "YouNeedTesting" */;
			buildPhases = (
				9B10FB8D2A8CCCC6009CE54C /* Sources */,
				9B10FB8E2A8CCCC6009CE54C /* Frameworks */,
				9B10FB8F2A8CCCC6009CE54C /* Resources */,
			);
			buildRules = (
			);
			dependencies = (
			);
			name = YouNeedTesting;
			productName = YouNeedTesting;
			productReference = 9B10FB912A8CCCC6009CE54C /* YouNeedTesting.app */;
			productType = "com.apple.product-type.application";
		};
		9B10FBA02A8CCCC7009CE54C /* YouNeedTestingTests */ = {
			isa = PBXNativeTarget;
			buildConfigurationList = 9B10FBB82A8CCCC7009CE54C /* Build configuration list for PBXNativeTarget "YouNeedTestingTests" */;
			buildPhases = (
				9B10FB9D2A8CCCC7009CE54C /* Sources */,
				9B10FB9E2A8CCCC7009CE54C /* Frameworks */,
				9B10FB9F2A8CCCC7009CE54C /* Resources */,
			);
			buildRules = (
			);
			dependencies = (
				9B10FBA32A8CCCC7009CE54C /* PBXTargetDependency */,
			);
			name = YouNeedTestingTests;
			productName = YouNeedTestingTests;
			productReference = 9B10FBA12A8CCCC7009CE54C /* YouNeedTestingTests.xctest */;
			productType = "com.apple.product-type.bundle.unit-test";
		};
		9B10FBAA2A8CCCC7009CE54C /* YouNeedTestingUITests */ = {
			isa = PBXNativeTarget;
			buildConfigurationList = 9B10FBBB2A8CCCC7009CE54C /* Build configuration list for PBXNativeTarget "YouNeedTestingUITests" */;
			buildPhases = (
				9B10FBA72A8CCCC7009CE54C /* Sources */,
				9B10FBA82A8CCCC7009CE54C /* Frameworks */,
				9B10FBA92A8CCCC7009CE54C /* Resources */,
			);
			buildRules = (
			);
			dependencies = (
				9B10FBAD2A8CCCC7009CE54C /* PBXTargetDependency */,
			);
			name = YouNeedTestingUITests;
			productName = YouNeedTestingUITests;
			productReference = 9B10FBAB2A8CCCC7009CE54C /* YouNeedTestingUITests.xctest */;
			productType = "com.apple.product-type.bundle.ui-testing";
		};
/* End PBXNativeTarget section */

/* Begin PBXProject section */
		9B10FB892A8CCCC6009CE54C /* Project object */ = {
			isa = PBXProject;
			attributes = {
				BuildIndependentTargetsInParallel = 1;
				LastSwiftUpdateCheck = 1420;
				LastUpgradeCheck = 1420;
				TargetAttributes = {
					9B10FB902A8CCCC6009CE54C = {
						CreatedOnToolsVersion = 14.2;
					};
					9B10FBA02A8CCCC7009CE54C = {
						CreatedOnToolsVersion = 14.2;
						TestTargetID = 9B10FB902A8CCCC6009CE54C;
					};
					9B10FBAA2A8CCCC7009CE54C = {
						CreatedOnToolsVersion = 14.2;
						TestTargetID = 9B10FB902A8CCCC6009CE54C;
					};
				};
			};
			buildConfigurationList = 9B10FB8C2A8CCCC6009CE54C /* Build configuration list for PBXProject "YouNeedTesting" */;
			compatibilityVersion = "Xcode 14.0";
			developmentRegion = en;
			hasScannedForEncodings = 0;
			knownRegions = (
				en,
				Base,
			);
			mainGroup = 9B10FB882A8CCCC6009CE54C;
			productRefGroup = 9B10FB922A8CCCC6009CE54C /* Products */;
			projectDirPath = "";
			projectRoot = "";
			targets = (
				9B10FB902A8CCCC6009CE54C /* YouNeedTesting */,
				9B10FBA02A8CCCC7009CE54C /* YouNeedTestingTests */,
				9B10FBAA2A8CCCC7009CE54C /* YouNeedTestingUITests */,
			);
		};
/* End PBXProject section */

/* Begin PBXResourcesBuildPhase section */
		9B10FB8F2A8CCCC6009CE54C /* Resources */ = {
			isa = PBXResourcesBuildPhase;
			buildActionMask = 2147483647;
			files = (
				9B10FB9C2A8CCCC7009CE54C /* Preview Assets.xcassets in Resources */,
				9B10FB992A8CCCC7009CE54C /* Assets.xcassets in Resources */,
			);
			runOnlyForDeploymentPostprocessing = 0;
		};
		9B10FB9F2A8CCCC7009CE54C /* Resources */ = {
			isa = PBXResourcesBuildPhase;
			buildActionMask = 2147483647;
			files = (
			);
			runOnlyForDeploymentPostprocessing = 0;
		};
		9B10FBA92A8CCCC7009CE54C /* Resources */ = {
			isa = PBXResourcesBuildPhase;
			buildActionMask = 2147483647;
			files = (
			);
			runOnlyForDeploymentPostprocessing = 0;
		};
/* End PBXResourcesBuildPhase section */

/* Begin PBXSourcesBuildPhase section */
		9B10FB8D2A8CCCC6009CE54C /* Sources */ = {
			isa = PBXSourcesBuildPhase;
			buildActionMask = 2147483647;
			files = (
				9B10FB972A8CCCC6009CE54C /* ContentView.swift in Sources */,
				9B10FB952A8CCCC6009CE54C /* YouNeedTestingApp.swift in Sources */,
			);
			runOnlyForDeploymentPostprocessing = 0;
		};
		9B10FB9D2A8CCCC7009CE54C /* Sources */ = {
			isa = PBXSourcesBuildPhase;
			buildActionMask = 2147483647;
			files = (
				9B10FBA62A8CCCC7009CE54C /* YouNeedTestingTests.swift in Sources */,
			);
			runOnlyForDeploymentPostprocessing = 0;
		};
		9B10FBA72A8CCCC7009CE54C /* Sources */ = {
			isa = PBXSourcesBuildPhase;
			buildActionMask = 2147483647;
			files = (
				9B10FBB02A8CCCC7009CE54C /* YouNeedTestingUITests.swift in Sources */,
				9B10FBB22A8CCCC7009CE54C /* YouNeedTestingUITestsLaunchTests.swift in Sources */,
			);
			runOnlyForDeploymentPostprocessing = 0;
		};
/* End PBXSourcesBuildPhase section */

/* Begin PBXTargetDependency section */
		9B10FBA32A8CCCC7009CE54C /* PBXTargetDependency */ = {
			isa = PBXTargetDependency;
			target = 9B10FB902A8CCCC6009CE54C /* YouNeedTesting */;
			targetProxy = 9B10FBA22A8CCCC7009CE54C /* PBXContainerItemProxy */;
		};
		9B10FBAD2A8CCCC7009CE54C /* PBXTargetDependency */ = {
			isa = PBXTargetDependency;
			target = 9B10FB902A8CCCC6009CE54C /* YouNeedTesting */;
			targetProxy = 9B10FBAC2A8CCCC7009CE54C /* PBXContainerItemProxy */;
		};
/* End PBXTargetDependency section */

/* Begin XCBuildConfiguration section */
		9B10FBB32A8CCCC7009CE54C /* Debug */ = {
			isa = XCBuildConfiguration;
			buildSettings = {
				ALWAYS_SEARCH_USER_PATHS = NO;
				CLANG_ANALYZER_NONNULL = YES;
				CLANG_ANALYZER_NUMBER_OBJECT_CONVERSION = YES_AGGRESSIVE;
				CLANG_CXX_LANGUAGE_STANDARD = "gnu++20";
				CLANG_ENABLE_MODULES = YES;
				CLANG_ENABLE_OBJC_ARC = YES;
				CLANG_ENABLE_OBJC_WEAK = YES;
				CLANG_WARN_BLOCK_CAPTURE_AUTORELEASING = YES;
				CLANG_WARN_BOOL_CONVERSION = YES;
				CLANG_WARN_COMMA = YES;
				CLANG_WARN_CONSTANT_CONVERSION = YES;
				CLANG_WARN_DEPRECATED_OBJC_IMPLEMENTATIONS = YES;
				CLANG_WARN_DIRECT_OBJC_ISA_USAGE = YES_ERROR;
				CLANG_WARN_DOCUMENTATION_COMMENTS = YES;
				CLANG_WARN_EMPTY_BODY = YES;
				CLANG_WARN_ENUM_CONVERSION = YES;
				CLANG_WARN_INFINITE_RECURSION = YES;
				CLANG_WARN_INT_CONVERSION = YES;
				CLANG_WARN_NON_LITERAL_NULL_CONVERSION = YES;
				CLANG_WARN_OBJC_IMPLICIT_RETAIN_SELF = YES;
				CLANG_WARN_OBJC_LITERAL_CONVERSION = YES;
				CLANG_WARN_OBJC_ROOT_CLASS = YES_ERROR;
				CLANG_WARN_QUOTED_INCLUDE_IN_FRAMEWORK_HEADER = YES;
				CLANG_WARN_RANGE_LOOP_ANALYSIS = YES;
				CLANG_WARN_STRICT_PROTOTYPES = YES;
				CLANG_WARN_SUSPICIOUS_MOVE = YES;
				CLANG_WARN_UNGUARDED_AVAILABILITY = YES_AGGRESSIVE;
				CLANG_WARN_UNREACHABLE_CODE = YES;
				CLANG_WARN__DUPLICATE_METHOD_MATCH = YES;
				COPY_PHASE_STRIP = NO;
				DEBUG_INFORMATION_FORMAT = dwarf;
				ENABLE_STRICT_OBJC_MSGSEND = YES;
				ENABLE_TESTABILITY = YES;
				GCC_C_LANGUAGE_STANDARD = gnu11;
				GCC_DYNAMIC_NO_PIC = NO;
				GCC_NO_COMMON_BLOCKS = YES;
				GCC_OPTIMIZATION_LEVEL = 0;
				GCC_PREPROCESSOR_DEFINITIONS = (
					"DEBUG=1",
					"$(inherited)",
				);
				GCC_WARN_64_TO_32_BIT_CONVERSION = YES;
				GCC_WARN_ABOUT_RETURN_TYPE = YES_ERROR;
				GCC_WARN_UNDECLARED_SELECTOR = YES;
				GCC_WARN_UNINITIALIZED_AUTOS = YES_AGGRESSIVE;
				GCC_WARN_UNUSED_FUNCTION = YES;
				GCC_WARN_UNUSED_VARIABLE = YES;
				IPHONEOS_DEPLOYMENT_TARGET = 16.2;
				MTL_ENABLE_DEBUG_INFO = INCLUDE_SOURCE;
				MTL_FAST_MATH = YES;
				ONLY_ACTIVE_ARCH = YES;
				SDKROOT = iphoneos;
				SWIFT_ACTIVE_COMPILATION_CONDITIONS = DEBUG;
				SWIFT_OPTIMIZATION_LEVEL = "-Onone";
			};
			name = Debug;
		};
		9B10FBB42A8CCCC7009CE54C /* Release */ = {
			isa = XCBuildConfiguration;
			buildSettings = {
				ALWAYS_SEARCH_USER_PATHS = NO;
				CLANG_ANALYZER_NONNULL = YES;
				CLANG_ANALYZER_NUMBER_OBJECT_CONVERSION = YES_AGGRESSIVE;
				CLANG_CXX_LANGUAGE_STANDARD = "gnu++20";
				CLANG_ENABLE_MODULES = YES;
				CLANG_ENABLE_OBJC_ARC = YES;
				CLANG_ENABLE_OBJC_WEAK = YES;
				CLANG_WARN_BLOCK_CAPTURE_AUTORELEASING = YES;
				CLANG_WARN_BOOL_CONVERSION = YES;
				CLANG_WARN_COMMA = YES;
				CLANG_WARN_CONSTANT_CONVERSION = YES;
				CLANG_WARN_DEPRECATED_OBJC_IMPLEMENTATIONS = YES;
				CLANG_WARN_DIRECT_OBJC_ISA_USAGE = YES_ERROR;
				CLANG_WARN_DOCUMENTATION_COMMENTS = YES;
				CLANG_WARN_EMPTY_BODY = YES;
				CLANG_WARN_ENUM_CONVERSION = YES;
				CLANG_WARN_INFINITE_RECURSION = YES;
				CLANG_WARN_INT_CONVERSION = YES;
				CLANG_WARN_NON_LITERAL_NULL_CONVERSION = YES;
				CLANG_WARN_OBJC_IMPLICIT_RETAIN_SELF = YES;
				CLANG_WARN_OBJC_LITERAL_CONVERSION = YES;
				CLANG_WARN_OBJC_ROOT_CLASS = YES_ERROR;
				CLANG_WARN_QUOTED_INCLUDE_IN_FRAMEWORK_HEADER = YES;
				CLANG_WARN_RANGE_LOOP_ANALYSIS = YES;
				CLANG_WARN_STRICT_PROTOTYPES = YES;
				CLANG_WARN_SUSPICIOUS_MOVE = YES;
				CLANG_WARN_UNGUARDED_AVAILABILITY = YES_AGGRESSIVE;
				CLANG_WARN_UNREACHABLE_CODE = YES;
				CLANG_WARN__DUPLICATE_METHOD_MATCH = YES;
				COPY_PHASE_STRIP = NO;
				DEBUG_INFORMATION_FORMAT = "dwarf-with-dsym";
				ENABLE_NS_ASSERTIONS = NO;
				ENABLE_STRICT_OBJC_MSGSEND = YES;
				GCC_C_LANGUAGE_STANDARD = gnu11;
				GCC_NO_COMMON_BLOCKS = YES;
				GCC_WARN_64_TO_32_BIT_CONVERSION = YES;
				GCC_WARN_ABOUT_RETURN_TYPE = YES_ERROR;
				GCC_WARN_UNDECLARED_SELECTOR = YES;
				GCC_WARN_UNINITIALIZED_AUTOS = YES_AGGRESSIVE;
				GCC_WARN_UNUSED_FUNCTION = YES;
				GCC_WARN_UNUSED_VARIABLE = YES;
				IPHONEOS_DEPLOYMENT_TARGET = 16.2;
				MTL_ENABLE_DEBUG_INFO = NO;
				MTL_FAST_MATH = YES;
				SDKROOT = iphoneos;
				SWIFT_COMPILATION_MODE = wholemodule;
				SWIFT_OPTIMIZATION_LEVEL = "-O";
				VALIDATE_PRODUCT = YES;
			};
			name = Release;
		};
		9B10FBB62A8CCCC7009CE54C /* Debug */ = {
			isa = XCBuildConfiguration;
			buildSettings = {
				ASSETCATALOG_COMPILER_APPICON_NAME = AppIcon;
				ASSETCATALOG_COMPILER_GLOBAL_ACCENT_COLOR_NAME = AccentColor;
				CODE_SIGN_STYLE = Automatic;
				CURRENT_PROJECT_VERSION = 1;
				DEVELOPMENT_ASSET_PATHS = "\"YouNeedTesting/Preview Content\"";
				DEVELOPMENT_TEAM = PJPD95M4QP;
				ENABLE_PREVIEWS = YES;
				GENERATE_INFOPLIST_FILE = YES;
				INFOPLIST_KEY_UIApplicationSceneManifest_Generation = YES;
				INFOPLIST_KEY_UIApplicationSupportsIndirectInputEvents = YES;
				INFOPLIST_KEY_UILaunchScreen_Generation = YES;
				INFOPLIST_KEY_UISupportedInterfaceOrientations = UIInterfaceOrientationPortrait;
				INFOPLIST_KEY_UISupportedInterfaceOrientations_iPad = "UIInterfaceOrientationLandscapeLeft UIInterfaceOrientationLandscapeRight UIInterfaceOrientationPortrait UIInterfaceOrientationPortraitUpsideDown";
				IPHONEOS_DEPLOYMENT_TARGET = 16.0;
				LD_RUNPATH_SEARCH_PATHS = (
					"$(inherited)",
					"@executable_path/Frameworks",
				);
				MARKETING_VERSION = 1.0;
				PRODUCT_BUNDLE_IDENTIFIER = io.marvin.YouNeedTesting;
				PRODUCT_NAME = "$(TARGET_NAME)";
				SUPPORTED_PLATFORMS = "iphoneos iphonesimulator";
				SUPPORTS_MACCATALYST = NO;
				SUPPORTS_MAC_DESIGNED_FOR_IPHONE_IPAD = NO;
				SWIFT_EMIT_LOC_STRINGS = YES;
				SWIFT_VERSION = 5.0;
				TARGETED_DEVICE_FAMILY = 1;
			};
			name = Debug;
		};
		9B10FBB72A8CCCC7009CE54C /* Release */ = {
			isa = XCBuildConfiguration;
			buildSettings = {
				ASSETCATALOG_COMPILER_APPICON_NAME = AppIcon;
				ASSETCATALOG_COMPILER_GLOBAL_ACCENT_COLOR_NAME = AccentColor;
				CODE_SIGN_STYLE = Automatic;
				CURRENT_PROJECT_VERSION = 1;
				DEVELOPMENT_ASSET_PATHS = "\"YouNeedTesting/Preview Content\"";
				DEVELOPMENT_TEAM = PJPD95M4QP;
				ENABLE_PREVIEWS = YES;
				GENERATE_INFOPLIST_FILE = YES;
				INFOPLIST_KEY_UIApplicationSceneManifest_Generation = YES;
				INFOPLIST_KEY_UIApplicationSupportsIndirectInputEvents = YES;
				INFOPLIST_KEY_UILaunchScreen_Generation = YES;
				INFOPLIST_KEY_UISupportedInterfaceOrientations = UIInterfaceOrientationPortrait;
				INFOPLIST_KEY_UISupportedInterfaceOrientations_iPad = "UIInterfaceOrientationLandscapeLeft UIInterfaceOrientationLandscapeRight UIInterfaceOrientationPortrait UIInterfaceOrientationPortraitUpsideDown";
				IPHONEOS_DEPLOYMENT_TARGET = 16.0;
				LD_RUNPATH_SEARCH_PATHS = (
					"$(inherited)",
					"@executable_path/Frameworks",
				);
				MARKETING_VERSION = 1.0;
				PRODUCT_BUNDLE_IDENTIFIER = io.marvin.YouNeedTesting;
				PRODUCT_NAME = "$(TARGET_NAME)";
				SUPPORTED_PLATFORMS = "iphoneos iphonesimulator";
				SUPPORTS_MACCATALYST = NO;
				SUPPORTS_MAC_DESIGNED_FOR_IPHONE_IPAD = NO;
				SWIFT_EMIT_LOC_STRINGS = YES;
				SWIFT_VERSION = 5.0;
				TARGETED_DEVICE_FAMILY = 1;
			};
			name = Release;
		};
		9B10FBB92A8CCCC7009CE54C /* Debug */ = {
			isa = XCBuildConfiguration;
			buildSettings = {
				ALWAYS_EMBED_SWIFT_STANDARD_LIBRARIES = YES;
				BUNDLE_LOADER = "$(TEST_HOST)";
				CODE_SIGN_STYLE = Automatic;
				CURRENT_PROJECT_VERSION = 1;
				DEVELOPMENT_TEAM = PJPD95M4QP;
				GENERATE_INFOPLIST_FILE = YES;
				IPHONEOS_DEPLOYMENT_TARGET = 16.2;
				MARKETING_VERSION = 1.0;
				PRODUCT_BUNDLE_IDENTIFIER = io.marvin.YouNeedTestingTests;
				PRODUCT_NAME = "$(TARGET_NAME)";
				SWIFT_EMIT_LOC_STRINGS = NO;
				SWIFT_VERSION = 5.0;
				TARGETED_DEVICE_FAMILY = "1,2";
				TEST_HOST = "$(BUILT_PRODUCTS_DIR)/YouNeedTesting.app/$(BUNDLE_EXECUTABLE_FOLDER_PATH)/YouNeedTesting";
			};
			name = Debug;
		};
		9B10FBBA2A8CCCC7009CE54C /* Release */ = {
			isa = XCBuildConfiguration;
			buildSettings = {
				ALWAYS_EMBED_SWIFT_STANDARD_LIBRARIES = YES;
				BUNDLE_LOADER = "$(TEST_HOST)";
				CODE_SIGN_STYLE = Automatic;
				CURRENT_PROJECT_VERSION = 1;
				DEVELOPMENT_TEAM = PJPD95M4QP;
				GENERATE_INFOPLIST_FILE = YES;
				IPHONEOS_DEPLOYMENT_TARGET = 16.2;
				MARKETING_VERSION = 1.0;
				PRODUCT_BUNDLE_IDENTIFIER = io.marvin.YouNeedTestingTests;
				PRODUCT_NAME = "$(TARGET_NAME)";
				SWIFT_EMIT_LOC_STRINGS = NO;
				SWIFT_VERSION = 5.0;
				TARGETED_DEVICE_FAMILY = "1,2";
				TEST_HOST = "$(BUILT_PRODUCTS_DIR)/YouNeedTesting.app/$(BUNDLE_EXECUTABLE_FOLDER_PATH)/YouNeedTesting";
			};
			name = Release;
		};
		9B10FBBC2A8CCCC7009CE54C /* Debug */ = {
			isa = XCBuildConfiguration;
			buildSettings = {
				ALWAYS_EMBED_SWIFT_STANDARD_LIBRARIES = YES;
				CODE_SIGN_STYLE = Automatic;
				CURRENT_PROJECT_VERSION = 1;
				DEVELOPMENT_TEAM = PJPD95M4QP;
				GENERATE_INFOPLIST_FILE = YES;
				MARKETING_VERSION = 1.0;
				PRODUCT_BUNDLE_IDENTIFIER = io.marvin.YouNeedTestingUITests;
				PRODUCT_NAME = "$(TARGET_NAME)";
				SWIFT_EMIT_LOC_STRINGS = NO;
				SWIFT_VERSION = 5.0;
				TARGETED_DEVICE_FAMILY = "1,2";
				TEST_TARGET_NAME = YouNeedTesting;
			};
			name = Debug;
		};
		9B10FBBD2A8CCCC7009CE54C /* Release */ = {
			isa = XCBuildConfiguration;
			buildSettings = {
				ALWAYS_EMBED_SWIFT_STANDARD_LIBRARIES = YES;
				CODE_SIGN_STYLE = Automatic;
				CURRENT_PROJECT_VERSION = 1;
				DEVELOPMENT_TEAM = PJPD95M4QP;
				GENERATE_INFOPLIST_FILE = YES;
				MARKETING_VERSION = 1.0;
				PRODUCT_BUNDLE_IDENTIFIER = io.marvin.YouNeedTestingUITests;
				PRODUCT_NAME = "$(TARGET_NAME)";
				SWIFT_EMIT_LOC_STRINGS = NO;
				SWIFT_VERSION = 5.0;
				TARGETED_DEVICE_FAMILY = "1,2";
				TEST_TARGET_NAME = YouNeedTesting;
			};
			name = Release;
		};
/* End XCBuildConfiguration section */

/* Begin XCConfigurationList section */
		9B10FB8C2A8CCCC6009CE54C /* Build configuration list for PBXProject "YouNeedTesting" */ = {
			isa = XCConfigurationList;
			buildConfigurations = (
				9B10FBB32A8CCCC7009CE54C /* Debug */,
				9B10FBB42A8CCCC7009CE54C /* Release */,
			);
			defaultConfigurationIsVisible = 0;
			defaultConfigurationName = Release;
		};
		9B10FBB52A8CCCC7009CE54C /* Build configuration list for PBXNativeTarget "YouNeedTesting" */ = {
			isa = XCConfigurationList;
			buildConfigurations = (
				9B10FBB62A8CCCC7009CE54C /* Debug */,
				9B10FBB72A8CCCC7009CE54C /* Release */,
			);
			defaultConfigurationIsVisible = 0;
			defaultConfigurationName = Release;
		};
		9B10FBB82A8CCCC7009CE54C /* Build configuration list for PBXNativeTarget "YouNeedTestingTests" */ = {
			isa = XCConfigurationList;
			buildConfigurations = (
				9B10FBB92A8CCCC7009CE54C /* Debug */,
				9B10FBBA2A8CCCC7009CE54C /* Release */,
			);
			defaultConfigurationIsVisible = 0;
			defaultConfigurationName = Release;
		};
		9B10FBBB2A8CCCC7009CE54C /* Build configuration list for PBXNativeTarget "YouNeedTestingUITests" */ = {
			isa = XCConfigurationList;
			buildConfigurations = (
				9B10FBBC2A8CCCC7009CE54C /* Debug */,
				9B10FBBD2A8CCCC7009CE54C /* Release */,
			);
			defaultConfigurationIsVisible = 0;
			defaultConfigurationName = Release;
		};
/* End XCConfigurationList section */
	};
	rootObject = 9B10FB892A8CCCC6009CE54C /* Project object */;
}
